// !$*UTF8*$!
{
	archiveVersion = 1;
	classes = {
	};
	objectVersion = 42;
	objects = {

/* Begin PBXBuildFile section */
		0B6BCA340BB236390014D0BF /* HMAppKitEx.m in Sources */ = {isa = PBXBuildFile; fileRef = 0B6BC9E50BB236390014D0BF /* HMAppKitEx.m */; };
		0B6BCA360BB236390014D0BF /* HMBlkBox.m in Sources */ = {isa = PBXBuildFile; fileRef = 0B6BC9E70BB236390014D0BF /* HMBlkBox.m */; };
		0B6BCA3C0BB236390014D0BF /* HMBlkContentView.m in Sources */ = {isa = PBXBuildFile; fileRef = 0B6BC9ED0BB236390014D0BF /* HMBlkContentView.m */; };
		0B6BCA3E0BB236390014D0BF /* HMBlkOutlineView.m in Sources */ = {isa = PBXBuildFile; fileRef = 0B6BC9EF0BB236390014D0BF /* HMBlkOutlineView.m */; };
		0B6BCA400BB236390014D0BF /* HMBlkPanel.m in Sources */ = {isa = PBXBuildFile; fileRef = 0B6BC9F10BB236390014D0BF /* HMBlkPanel.m */; };
		0B6BCA420BB236390014D0BF /* HMBlkProgressIndicator.m in Sources */ = {isa = PBXBuildFile; fileRef = 0B6BC9F30BB236390014D0BF /* HMBlkProgressIndicator.m */; };
		0B6BCA440BB236390014D0BF /* HMBlkScroller.m in Sources */ = {isa = PBXBuildFile; fileRef = 0B6BC9F50BB236390014D0BF /* HMBlkScroller.m */; };
		0B6BCA460BB236390014D0BF /* HMBlkScrollView.m in Sources */ = {isa = PBXBuildFile; fileRef = 0B6BC9F70BB236390014D0BF /* HMBlkScrollView.m */; };
		0B6BCA480BB236390014D0BF /* HMBlkSegmentedCell.m in Sources */ = {isa = PBXBuildFile; fileRef = 0B6BC9F90BB236390014D0BF /* HMBlkSegmentedCell.m */; };
		0B6BCA4A0BB236390014D0BF /* HMBlkSegmentedControl.m in Sources */ = {isa = PBXBuildFile; fileRef = 0B6BC9FB0BB236390014D0BF /* HMBlkSegmentedControl.m */; };
		0B6BCA4C0BB236390014D0BF /* HMBlkTableHeaderCell.m in Sources */ = {isa = PBXBuildFile; fileRef = 0B6BC9FD0BB236390014D0BF /* HMBlkTableHeaderCell.m */; };
		0B6BCA4E0BB236390014D0BF /* HMBlkTableView.m in Sources */ = {isa = PBXBuildFile; fileRef = 0B6BC9FF0BB236390014D0BF /* HMBlkTableView.m */; };
		0B6BCA7E0BB236390014D0BF /* HMFoundationEx.m in Sources */ = {isa = PBXBuildFile; fileRef = 0B6BCA310BB236390014D0BF /* HMFoundationEx.m */; };
		0B6BCAA50BB2383C0014D0BF /* Info.plist in Resources */ = {isa = PBXBuildFile; fileRef = 0B6BCAA40BB2383C0014D0BF /* Info.plist */; };
		0B6BCAA70BB238670014D0BF /* Cocoa.framework in Frameworks */ = {isa = PBXBuildFile; fileRef = 1058C7B1FEA5585E11CA2CBB /* Cocoa.framework */; };
		0B6BCAA80BB2386C0014D0BF /* HMBlkAppKit.framework in Frameworks */ = {isa = PBXBuildFile; fileRef = 8DC2EF5B0486A6940098B216 /* HMBlkAppKit.framework */; };
		0B6BCAB60BB238ED0014D0BF /* main.m in Sources */ = {isa = PBXBuildFile; fileRef = 0B6BCAB50BB238ED0014D0BF /* main.m */; };
		0B6BCABC0BB239500014D0BF /* InfoPlist.strings in Resources */ = {isa = PBXBuildFile; fileRef = 0B6BCAB80BB239500014D0BF /* InfoPlist.strings */; };
		0B6BCABD0BB239500014D0BF /* MainMenu.nib in Resources */ = {isa = PBXBuildFile; fileRef = 0B6BCABA0BB239500014D0BF /* MainMenu.nib */; };
		0B6BCB290BB23F0A0014D0BF /* AppController.m in Sources */ = {isa = PBXBuildFile; fileRef = 0B6BCB280BB23F0A0014D0BF /* AppController.m */; };
		0B6BCB580BB243BF0014D0BF /* HMBlkAppKit.framework in CopyFiles */ = {isa = PBXBuildFile; fileRef = 8DC2EF5B0486A6940098B216 /* HMBlkAppKit.framework */; };
		0E2707350E2DD59C00D65876 /* blkCancelButton.tiff in Resources */ = {isa = PBXBuildFile; fileRef = 0E2707040E2DD59C00D65876 /* blkCancelButton.tiff */; };
		0E2707360E2DD59C00D65876 /* blkCloseButton.tiff in Resources */ = {isa = PBXBuildFile; fileRef = 0E2707050E2DD59C00D65876 /* blkCloseButton.tiff */; };
		0E2707370E2DD59C00D65876 /* blkContextButton.tiff in Resources */ = {isa = PBXBuildFile; fileRef = 0E2707060E2DD59C00D65876 /* blkContextButton.tiff */; };
		0E2707380E2DD59C00D65876 /* blkContextButtonSelected.tiff in Resources */ = {isa = PBXBuildFile; fileRef = 0E2707070E2DD59C00D65876 /* blkContextButtonSelected.tiff */; };
		0E2707390E2DD59C00D65876 /* blkDiscCollapsed.tiff in Resources */ = {isa = PBXBuildFile; fileRef = 0E2707080E2DD59C00D65876 /* blkDiscCollapsed.tiff */; };
		0E27073A0E2DD59C00D65876 /* blkDiscExpanded.tiff in Resources */ = {isa = PBXBuildFile; fileRef = 0E2707090E2DD59C00D65876 /* blkDiscExpanded.tiff */; };
		0E27073B0E2DD59C00D65876 /* blkDiscTransient.tiff in Resources */ = {isa = PBXBuildFile; fileRef = 0E27070A0E2DD59C00D65876 /* blkDiscTransient.tiff */; };
		0E27073C0E2DD59C00D65876 /* blkFindButton.tiff in Resources */ = {isa = PBXBuildFile; fileRef = 0E27070B0E2DD59C00D65876 /* blkFindButton.tiff */; };
		0E27073D0E2DD59C00D65876 /* blkPanelLB.tiff in Resources */ = {isa = PBXBuildFile; fileRef = 0E27070C0E2DD59C00D65876 /* blkPanelLB.tiff */; };
		0E27073E0E2DD59C00D65876 /* blkPanelLM.tiff in Resources */ = {isa = PBXBuildFile; fileRef = 0E27070D0E2DD59C00D65876 /* blkPanelLM.tiff */; };
		0E27073F0E2DD59C00D65876 /* blkPanelLT.tiff in Resources */ = {isa = PBXBuildFile; fileRef = 0E27070E0E2DD59C00D65876 /* blkPanelLT.tiff */; };
		0E2707400E2DD59C00D65876 /* blkPanelMB.tiff in Resources */ = {isa = PBXBuildFile; fileRef = 0E27070F0E2DD59C00D65876 /* blkPanelMB.tiff */; };
		0E2707410E2DD59C00D65876 /* blkPanelMT.tiff in Resources */ = {isa = PBXBuildFile; fileRef = 0E2707100E2DD59C00D65876 /* blkPanelMT.tiff */; };
		0E2707420E2DD59C00D65876 /* blkPanelRB.tiff in Resources */ = {isa = PBXBuildFile; fileRef = 0E2707110E2DD59C00D65876 /* blkPanelRB.tiff */; };
		0E2707430E2DD59C00D65876 /* blkPanelRM.tiff in Resources */ = {isa = PBXBuildFile; fileRef = 0E2707120E2DD59C00D65876 /* blkPanelRM.tiff */; };
		0E2707440E2DD59C00D65876 /* blkPanelRT.tiff in Resources */ = {isa = PBXBuildFile; fileRef = 0E2707130E2DD59C00D65876 /* blkPanelRT.tiff */; };
		0E2707450E2DD59C00D65876 /* blkProgressBack.tiff in Resources */ = {isa = PBXBuildFile; fileRef = 0E2707140E2DD59C00D65876 /* blkProgressBack.tiff */; };
		0E2707460E2DD59C00D65876 /* blkProgressBar.tiff in Resources */ = {isa = PBXBuildFile; fileRef = 0E2707150E2DD59C00D65876 /* blkProgressBar.tiff */; };
		0E2707470E2DD59C00D65876 /* blkProgressIndeterminate.tiff in Resources */ = {isa = PBXBuildFile; fileRef = 0E2707160E2DD59C00D65876 /* blkProgressIndeterminate.tiff */; };
		0E2707480E2DD59C00D65876 /* blkScrollerKnobHL.tiff in Resources */ = {isa = PBXBuildFile; fileRef = 0E2707170E2DD59C00D65876 /* blkScrollerKnobHL.tiff */; };
		0E2707490E2DD59C00D65876 /* blkScrollerKnobHM.tiff in Resources */ = {isa = PBXBuildFile; fileRef = 0E2707180E2DD59C00D65876 /* blkScrollerKnobHM.tiff */; };
		0E27074A0E2DD59C00D65876 /* blkScrollerKnobHR.tiff in Resources */ = {isa = PBXBuildFile; fileRef = 0E2707190E2DD59C00D65876 /* blkScrollerKnobHR.tiff */; };
		0E27074B0E2DD59C00D65876 /* blkScrollerKnobVB.tiff in Resources */ = {isa = PBXBuildFile; fileRef = 0E27071A0E2DD59C00D65876 /* blkScrollerKnobVB.tiff */; };
		0E27074C0E2DD59C00D65876 /* blkScrollerKnobVM.tiff in Resources */ = {isa = PBXBuildFile; fileRef = 0E27071B0E2DD59C00D65876 /* blkScrollerKnobVM.tiff */; };
		0E27074D0E2DD59C00D65876 /* blkScrollerKnobVT.tiff in Resources */ = {isa = PBXBuildFile; fileRef = 0E27071C0E2DD59C00D65876 /* blkScrollerKnobVT.tiff */; };
		0E27074E0E2DD59C00D65876 /* blkSegmentDivider.tiff in Resources */ = {isa = PBXBuildFile; fileRef = 0E27071D0E2DD59C00D65876 /* blkSegmentDivider.tiff */; };
		0E27074F0E2DD59C00D65876 /* blkSegmentL.tiff in Resources */ = {isa = PBXBuildFile; fileRef = 0E27071E0E2DD59C00D65876 /* blkSegmentL.tiff */; };
		0E2707500E2DD59C00D65876 /* blkSegmentM.tiff in Resources */ = {isa = PBXBuildFile; fileRef = 0E27071F0E2DD59C00D65876 /* blkSegmentM.tiff */; };
		0E2707510E2DD59C00D65876 /* blkSegmentR.tiff in Resources */ = {isa = PBXBuildFile; fileRef = 0E2707200E2DD59C00D65876 /* blkSegmentR.tiff */; };
		0E2707520E2DD59C00D65876 /* blkSegmentSelectedL.tiff in Resources */ = {isa = PBXBuildFile; fileRef = 0E2707210E2DD59C00D65876 /* blkSegmentSelectedL.tiff */; };
		0E2707530E2DD59C00D65876 /* blkSegmentSelectedM.tiff in Resources */ = {isa = PBXBuildFile; fileRef = 0E2707220E2DD59C00D65876 /* blkSegmentSelectedM.tiff */; };
		0E2707540E2DD59C00D65876 /* blkSegmentSelectedR.tiff in Resources */ = {isa = PBXBuildFile; fileRef = 0E2707230E2DD59C00D65876 /* blkSegmentSelectedR.tiff */; };
		0E2707550E2DD59C00D65876 /* scroller-horz-cap.tiff in Resources */ = {isa = PBXBuildFile; fileRef = 0E2707240E2DD59C00D65876 /* scroller-horz-cap.tiff */; };
		0E2707560E2DD59C00D65876 /* scroller-horz-inner-hilite.tiff in Resources */ = {isa = PBXBuildFile; fileRef = 0E2707250E2DD59C00D65876 /* scroller-horz-inner-hilite.tiff */; };
		0E2707570E2DD59C00D65876 /* scroller-horz-inner.tiff in Resources */ = {isa = PBXBuildFile; fileRef = 0E2707260E2DD59C00D65876 /* scroller-horz-inner.tiff */; };
		0E2707580E2DD59C00D65876 /* scroller-horz-outer-hilite.tiff in Resources */ = {isa = PBXBuildFile; fileRef = 0E2707270E2DD59C00D65876 /* scroller-horz-outer-hilite.tiff */; };
		0E2707590E2DD59C00D65876 /* scroller-horz-outer.tiff in Resources */ = {isa = PBXBuildFile; fileRef = 0E2707280E2DD59C00D65876 /* scroller-horz-outer.tiff */; };
		0E27075A0E2DD59C00D65876 /* scroller-horz-track.tiff in Resources */ = {isa = PBXBuildFile; fileRef = 0E2707290E2DD59C00D65876 /* scroller-horz-track.tiff */; };
		0E27075B0E2DD59C00D65876 /* scroller-vert-cap.tiff in Resources */ = {isa = PBXBuildFile; fileRef = 0E27072A0E2DD59C00D65876 /* scroller-vert-cap.tiff */; };
		0E27075C0E2DD59C00D65876 /* scroller-vert-end-hilite.tiff in Resources */ = {isa = PBXBuildFile; fileRef = 0E27072B0E2DD59C00D65876 /* scroller-vert-end-hilite.tiff */; };
		0E27075D0E2DD59C00D65876 /* scroller-vert-end.tiff in Resources */ = {isa = PBXBuildFile; fileRef = 0E27072C0E2DD59C00D65876 /* scroller-vert-end.tiff */; };
		0E27075E0E2DD59C00D65876 /* scroller-vert-inner-hilite.tiff in Resources */ = {isa = PBXBuildFile; fileRef = 0E27072D0E2DD59C00D65876 /* scroller-vert-inner-hilite.tiff */; };
		0E27075F0E2DD59C00D65876 /* scroller-vert-inner.tiff in Resources */ = {isa = PBXBuildFile; fileRef = 0E27072E0E2DD59C00D65876 /* scroller-vert-inner.tiff */; };
		0E2707600E2DD59C00D65876 /* scroller-vert-outer-hilite.tiff in Resources */ = {isa = PBXBuildFile; fileRef = 0E27072F0E2DD59C00D65876 /* scroller-vert-outer-hilite.tiff */; };
		0E2707610E2DD59C00D65876 /* scroller-vert-outer.tiff in Resources */ = {isa = PBXBuildFile; fileRef = 0E2707300E2DD59C00D65876 /* scroller-vert-outer.tiff */; };
		0E2707620E2DD59C00D65876 /* scroller-vert-track.tiff in Resources */ = {isa = PBXBuildFile; fileRef = 0E2707310E2DD59C00D65876 /* scroller-vert-track.tiff */; };
		0E2707630E2DD59C00D65876 /* search-cancel-hilite.tiff in Resources */ = {isa = PBXBuildFile; fileRef = 0E2707320E2DD59C00D65876 /* search-cancel-hilite.tiff */; };
		0E2707640E2DD59C00D65876 /* search-cancel.tiff in Resources */ = {isa = PBXBuildFile; fileRef = 0E2707330E2DD59C00D65876 /* search-cancel.tiff */; };
		0E2707650E2DD59C00D65876 /* search-icon.tiff in Resources */ = {isa = PBXBuildFile; fileRef = 0E2707340E2DD59C00D65876 /* search-icon.tiff */; };
		0E2707970E2DEA4E00D65876 /* button-left-hilite.png in Resources */ = {isa = PBXBuildFile; fileRef = 0E2707910E2DEA4E00D65876 /* button-left-hilite.png */; };
		0E2707980E2DEA4E00D65876 /* button-left.png in Resources */ = {isa = PBXBuildFile; fileRef = 0E2707920E2DEA4E00D65876 /* button-left.png */; };
		0E2707990E2DEA4E00D65876 /* button-middle-hilite.png in Resources */ = {isa = PBXBuildFile; fileRef = 0E2707930E2DEA4E00D65876 /* button-middle-hilite.png */; };
		0E27079A0E2DEA4E00D65876 /* button-middle.png in Resources */ = {isa = PBXBuildFile; fileRef = 0E2707940E2DEA4E00D65876 /* button-middle.png */; };
		0E27079B0E2DEA4E00D65876 /* button-right-hilite.png in Resources */ = {isa = PBXBuildFile; fileRef = 0E2707950E2DEA4E00D65876 /* button-right-hilite.png */; };
		0E27079C0E2DEA4E00D65876 /* button-right.png in Resources */ = {isa = PBXBuildFile; fileRef = 0E2707960E2DEA4E00D65876 /* button-right.png */; };
		0E50B1030DBE93FB0036CA3E /* PGFadeOutPanel.m in Sources */ = {isa = PBXBuildFile; fileRef = 0E50B1010DBE93FB0036CA3E /* PGFadeOutPanel.m */; };
		0EEE5B9A0DB61620006E5B9C /* HMBlkSearchField.m in Sources */ = {isa = PBXBuildFile; fileRef = 0EEE5B980DB61620006E5B9C /* HMBlkSearchField.m */; };
		0EEE5B9E0DB61632006E5B9C /* HMBlkSearchFieldCell.m in Sources */ = {isa = PBXBuildFile; fileRef = 0EEE5B9C0DB61632006E5B9C /* HMBlkSearchFieldCell.m */; };
		8DC2EF570486A6940098B216 /* Cocoa.framework in Frameworks */ = {isa = PBXBuildFile; fileRef = 1058C7B1FEA5585E11CA2CBB /* Cocoa.framework */; };
/* End PBXBuildFile section */

/* Begin PBXContainerItemProxy section */
		0B6BCAD50BB23AD80014D0BF /* PBXContainerItemProxy */ = {
			isa = PBXContainerItemProxy;
			containerPortal = 0867D690FE84028FC02AAC07 /* Project object */;
			proxyType = 1;
			remoteGlobalIDString = 8DC2EF4F0486A6940098B216;
			remoteInfo = HMBlkAppKit;
		};
/* End PBXContainerItemProxy section */

/* Begin PBXCopyFilesBuildPhase section */
		0B6BCB540BB243B10014D0BF /* CopyFiles */ = {
			isa = PBXCopyFilesBuildPhase;
			buildActionMask = 2147483647;
			dstPath = "";
			dstSubfolderSpec = 10;
			files = (
				0B6BCB580BB243BF0014D0BF /* HMBlkAppKit.framework in CopyFiles */,
			);
			runOnlyForDeploymentPostprocessing = 0;
		};
/* End PBXCopyFilesBuildPhase section */

/* Begin PBXFileReference section */
		0867D69BFE84028FC02AAC07 /* Foundation.framework */ = {isa = PBXFileReference; lastKnownFileType = wrapper.framework; name = Foundation.framework; path = /System/Library/Frameworks/Foundation.framework; sourceTree = "<absolute>"; };
		0867D6A5FE840307C02AAC07 /* AppKit.framework */ = {isa = PBXFileReference; lastKnownFileType = wrapper.framework; name = AppKit.framework; path = /System/Library/Frameworks/AppKit.framework; sourceTree = "<absolute>"; };
		0B6BC9E20BB236390014D0BF /* Info.plist */ = {isa = PBXFileReference; fileEncoding = 4; lastKnownFileType = text.plist.xml; path = Info.plist; sourceTree = "<group>"; };
		0B6BC9E40BB236390014D0BF /* HMAppKitEx.h */ = {isa = PBXFileReference; fileEncoding = 4; lastKnownFileType = sourcecode.c.h; path = HMAppKitEx.h; sourceTree = "<group>"; };
		0B6BC9E50BB236390014D0BF /* HMAppKitEx.m */ = {isa = PBXFileReference; fileEncoding = 4; lastKnownFileType = sourcecode.c.objc; path = HMAppKitEx.m; sourceTree = "<group>"; };
		0B6BC9E60BB236390014D0BF /* HMBlkBox.h */ = {isa = PBXFileReference; fileEncoding = 4; lastKnownFileType = sourcecode.c.h; path = HMBlkBox.h; sourceTree = "<group>"; };
		0B6BC9E70BB236390014D0BF /* HMBlkBox.m */ = {isa = PBXFileReference; fileEncoding = 4; lastKnownFileType = sourcecode.c.objc; path = HMBlkBox.m; sourceTree = "<group>"; };
		0B6BC9EC0BB236390014D0BF /* HMBlkContentView.h */ = {isa = PBXFileReference; fileEncoding = 4; lastKnownFileType = sourcecode.c.h; path = HMBlkContentView.h; sourceTree = "<group>"; };
		0B6BC9ED0BB236390014D0BF /* HMBlkContentView.m */ = {isa = PBXFileReference; fileEncoding = 4; lastKnownFileType = sourcecode.c.objc; path = HMBlkContentView.m; sourceTree = "<group>"; };
		0B6BC9EE0BB236390014D0BF /* HMBlkOutlineView.h */ = {isa = PBXFileReference; fileEncoding = 4; lastKnownFileType = sourcecode.c.h; path = HMBlkOutlineView.h; sourceTree = "<group>"; };
		0B6BC9EF0BB236390014D0BF /* HMBlkOutlineView.m */ = {isa = PBXFileReference; fileEncoding = 4; lastKnownFileType = sourcecode.c.objc; path = HMBlkOutlineView.m; sourceTree = "<group>"; };
		0B6BC9F00BB236390014D0BF /* HMBlkPanel.h */ = {isa = PBXFileReference; fileEncoding = 4; lastKnownFileType = sourcecode.c.h; path = HMBlkPanel.h; sourceTree = "<group>"; };
		0B6BC9F10BB236390014D0BF /* HMBlkPanel.m */ = {isa = PBXFileReference; fileEncoding = 4; lastKnownFileType = sourcecode.c.objc; path = HMBlkPanel.m; sourceTree = "<group>"; };
		0B6BC9F20BB236390014D0BF /* HMBlkProgressIndicator.h */ = {isa = PBXFileReference; fileEncoding = 4; lastKnownFileType = sourcecode.c.h; path = HMBlkProgressIndicator.h; sourceTree = "<group>"; };
		0B6BC9F30BB236390014D0BF /* HMBlkProgressIndicator.m */ = {isa = PBXFileReference; fileEncoding = 4; lastKnownFileType = sourcecode.c.objc; path = HMBlkProgressIndicator.m; sourceTree = "<group>"; };
		0B6BC9F40BB236390014D0BF /* HMBlkScroller.h */ = {isa = PBXFileReference; fileEncoding = 4; lastKnownFileType = sourcecode.c.h; path = HMBlkScroller.h; sourceTree = "<group>"; };
		0B6BC9F50BB236390014D0BF /* HMBlkScroller.m */ = {isa = PBXFileReference; fileEncoding = 4; lastKnownFileType = sourcecode.c.objc; path = HMBlkScroller.m; sourceTree = "<group>"; };
		0B6BC9F60BB236390014D0BF /* HMBlkScrollView.h */ = {isa = PBXFileReference; fileEncoding = 4; lastKnownFileType = sourcecode.c.h; path = HMBlkScrollView.h; sourceTree = "<group>"; };
		0B6BC9F70BB236390014D0BF /* HMBlkScrollView.m */ = {isa = PBXFileReference; fileEncoding = 4; lastKnownFileType = sourcecode.c.objc; path = HMBlkScrollView.m; sourceTree = "<group>"; };
		0B6BC9F80BB236390014D0BF /* HMBlkSegmentedCell.h */ = {isa = PBXFileReference; fileEncoding = 4; lastKnownFileType = sourcecode.c.h; path = HMBlkSegmentedCell.h; sourceTree = "<group>"; };
		0B6BC9F90BB236390014D0BF /* HMBlkSegmentedCell.m */ = {isa = PBXFileReference; fileEncoding = 4; lastKnownFileType = sourcecode.c.objc; path = HMBlkSegmentedCell.m; sourceTree = "<group>"; };
		0B6BC9FA0BB236390014D0BF /* HMBlkSegmentedControl.h */ = {isa = PBXFileReference; fileEncoding = 4; lastKnownFileType = sourcecode.c.h; path = HMBlkSegmentedControl.h; sourceTree = "<group>"; };
		0B6BC9FB0BB236390014D0BF /* HMBlkSegmentedControl.m */ = {isa = PBXFileReference; fileEncoding = 4; lastKnownFileType = sourcecode.c.objc; path = HMBlkSegmentedControl.m; sourceTree = "<group>"; };
		0B6BC9FC0BB236390014D0BF /* HMBlkTableHeaderCell.h */ = {isa = PBXFileReference; fileEncoding = 4; lastKnownFileType = sourcecode.c.h; path = HMBlkTableHeaderCell.h; sourceTree = "<group>"; };
		0B6BC9FD0BB236390014D0BF /* HMBlkTableHeaderCell.m */ = {isa = PBXFileReference; fileEncoding = 4; lastKnownFileType = sourcecode.c.objc; path = HMBlkTableHeaderCell.m; sourceTree = "<group>"; };
		0B6BC9FE0BB236390014D0BF /* HMBlkTableView.h */ = {isa = PBXFileReference; fileEncoding = 4; lastKnownFileType = sourcecode.c.h; path = HMBlkTableView.h; sourceTree = "<group>"; };
		0B6BC9FF0BB236390014D0BF /* HMBlkTableView.m */ = {isa = PBXFileReference; fileEncoding = 4; lastKnownFileType = sourcecode.c.objc; path = HMBlkTableView.m; sourceTree = "<group>"; };
		0B6BCA000BB236390014D0BF /* HMBlkAppKit.h */ = {isa = PBXFileReference; fileEncoding = 4; lastKnownFileType = sourcecode.c.h; path = HMBlkAppKit.h; sourceTree = "<group>"; };
		0B6BCA300BB236390014D0BF /* HMFoundationEx.h */ = {isa = PBXFileReference; fileEncoding = 4; lastKnownFileType = sourcecode.c.h; path = HMFoundationEx.h; sourceTree = "<group>"; };
		0B6BCA310BB236390014D0BF /* HMFoundationEx.m */ = {isa = PBXFileReference; fileEncoding = 4; lastKnownFileType = sourcecode.c.objc; path = HMFoundationEx.m; sourceTree = "<group>"; };
		0B6BCA930BB237EF0014D0BF /* TestApp.app */ = {isa = PBXFileReference; explicitFileType = wrapper.application; includeInIndex = 0; path = TestApp.app; sourceTree = BUILT_PRODUCTS_DIR; };
		0B6BCAA40BB2383C0014D0BF /* Info.plist */ = {isa = PBXFileReference; fileEncoding = 4; lastKnownFileType = text.plist.xml; path = Info.plist; sourceTree = "<group>"; };
		0B6BCAB50BB238ED0014D0BF /* main.m */ = {isa = PBXFileReference; fileEncoding = 4; lastKnownFileType = sourcecode.c.objc; path = main.m; sourceTree = "<group>"; };
		0B6BCAB90BB239500014D0BF /* English */ = {isa = PBXFileReference; fileEncoding = 10; lastKnownFileType = text.plist.strings; name = English; path = InfoPlist.strings; sourceTree = "<group>"; };
		0B6BCABB0BB239500014D0BF /* English */ = {isa = PBXFileReference; lastKnownFileType = wrapper.nib; name = English; path = MainMenu.nib; sourceTree = "<group>"; };
		0B6BCB270BB23F0A0014D0BF /* AppController.h */ = {isa = PBXFileReference; fileEncoding = 4; lastKnownFileType = sourcecode.c.h; path = AppController.h; sourceTree = "<group>"; };
		0B6BCB280BB23F0A0014D0BF /* AppController.m */ = {isa = PBXFileReference; fileEncoding = 4; lastKnownFileType = sourcecode.c.objc; path = AppController.m; sourceTree = "<group>"; };
		0E2707040E2DD59C00D65876 /* blkCancelButton.tiff */ = {isa = PBXFileReference; lastKnownFileType = image.tiff; path = blkCancelButton.tiff; sourceTree = "<group>"; };
		0E2707050E2DD59C00D65876 /* blkCloseButton.tiff */ = {isa = PBXFileReference; lastKnownFileType = image.tiff; path = blkCloseButton.tiff; sourceTree = "<group>"; };
		0E2707060E2DD59C00D65876 /* blkContextButton.tiff */ = {isa = PBXFileReference; lastKnownFileType = image.tiff; path = blkContextButton.tiff; sourceTree = "<group>"; };
		0E2707070E2DD59C00D65876 /* blkContextButtonSelected.tiff */ = {isa = PBXFileReference; lastKnownFileType = image.tiff; path = blkContextButtonSelected.tiff; sourceTree = "<group>"; };
		0E2707080E2DD59C00D65876 /* blkDiscCollapsed.tiff */ = {isa = PBXFileReference; lastKnownFileType = image.tiff; path = blkDiscCollapsed.tiff; sourceTree = "<group>"; };
		0E2707090E2DD59C00D65876 /* blkDiscExpanded.tiff */ = {isa = PBXFileReference; lastKnownFileType = image.tiff; path = blkDiscExpanded.tiff; sourceTree = "<group>"; };
		0E27070A0E2DD59C00D65876 /* blkDiscTransient.tiff */ = {isa = PBXFileReference; lastKnownFileType = image.tiff; path = blkDiscTransient.tiff; sourceTree = "<group>"; };
		0E27070B0E2DD59C00D65876 /* blkFindButton.tiff */ = {isa = PBXFileReference; lastKnownFileType = image.tiff; path = blkFindButton.tiff; sourceTree = "<group>"; };
		0E27070C0E2DD59C00D65876 /* blkPanelLB.tiff */ = {isa = PBXFileReference; lastKnownFileType = image.tiff; path = blkPanelLB.tiff; sourceTree = "<group>"; };
		0E27070D0E2DD59C00D65876 /* blkPanelLM.tiff */ = {isa = PBXFileReference; lastKnownFileType = image.tiff; path = blkPanelLM.tiff; sourceTree = "<group>"; };
		0E27070E0E2DD59C00D65876 /* blkPanelLT.tiff */ = {isa = PBXFileReference; lastKnownFileType = image.tiff; path = blkPanelLT.tiff; sourceTree = "<group>"; };
		0E27070F0E2DD59C00D65876 /* blkPanelMB.tiff */ = {isa = PBXFileReference; lastKnownFileType = image.tiff; path = blkPanelMB.tiff; sourceTree = "<group>"; };
		0E2707100E2DD59C00D65876 /* blkPanelMT.tiff */ = {isa = PBXFileReference; lastKnownFileType = image.tiff; path = blkPanelMT.tiff; sourceTree = "<group>"; };
		0E2707110E2DD59C00D65876 /* blkPanelRB.tiff */ = {isa = PBXFileReference; lastKnownFileType = image.tiff; path = blkPanelRB.tiff; sourceTree = "<group>"; };
		0E2707120E2DD59C00D65876 /* blkPanelRM.tiff */ = {isa = PBXFileReference; lastKnownFileType = image.tiff; path = blkPanelRM.tiff; sourceTree = "<group>"; };
		0E2707130E2DD59C00D65876 /* blkPanelRT.tiff */ = {isa = PBXFileReference; lastKnownFileType = image.tiff; path = blkPanelRT.tiff; sourceTree = "<group>"; };
		0E2707140E2DD59C00D65876 /* blkProgressBack.tiff */ = {isa = PBXFileReference; lastKnownFileType = image.tiff; path = blkProgressBack.tiff; sourceTree = "<group>"; };
		0E2707150E2DD59C00D65876 /* blkProgressBar.tiff */ = {isa = PBXFileReference; lastKnownFileType = image.tiff; path = blkProgressBar.tiff; sourceTree = "<group>"; };
		0E2707160E2DD59C00D65876 /* blkProgressIndeterminate.tiff */ = {isa = PBXFileReference; lastKnownFileType = image.tiff; path = blkProgressIndeterminate.tiff; sourceTree = "<group>"; };
		0E2707170E2DD59C00D65876 /* blkScrollerKnobHL.tiff */ = {isa = PBXFileReference; lastKnownFileType = image.tiff; path = blkScrollerKnobHL.tiff; sourceTree = "<group>"; };
		0E2707180E2DD59C00D65876 /* blkScrollerKnobHM.tiff */ = {isa = PBXFileReference; lastKnownFileType = image.tiff; path = blkScrollerKnobHM.tiff; sourceTree = "<group>"; };
		0E2707190E2DD59C00D65876 /* blkScrollerKnobHR.tiff */ = {isa = PBXFileReference; lastKnownFileType = image.tiff; path = blkScrollerKnobHR.tiff; sourceTree = "<group>"; };
		0E27071A0E2DD59C00D65876 /* blkScrollerKnobVB.tiff */ = {isa = PBXFileReference; lastKnownFileType = image.tiff; path = blkScrollerKnobVB.tiff; sourceTree = "<group>"; };
		0E27071B0E2DD59C00D65876 /* blkScrollerKnobVM.tiff */ = {isa = PBXFileReference; lastKnownFileType = image.tiff; path = blkScrollerKnobVM.tiff; sourceTree = "<group>"; };
		0E27071C0E2DD59C00D65876 /* blkScrollerKnobVT.tiff */ = {isa = PBXFileReference; lastKnownFileType = image.tiff; path = blkScrollerKnobVT.tiff; sourceTree = "<group>"; };
		0E27071D0E2DD59C00D65876 /* blkSegmentDivider.tiff */ = {isa = PBXFileReference; lastKnownFileType = image.tiff; path = blkSegmentDivider.tiff; sourceTree = "<group>"; };
		0E27071E0E2DD59C00D65876 /* blkSegmentL.tiff */ = {isa = PBXFileReference; lastKnownFileType = image.tiff; path = blkSegmentL.tiff; sourceTree = "<group>"; };
		0E27071F0E2DD59C00D65876 /* blkSegmentM.tiff */ = {isa = PBXFileReference; lastKnownFileType = image.tiff; path = blkSegmentM.tiff; sourceTree = "<group>"; };
		0E2707200E2DD59C00D65876 /* blkSegmentR.tiff */ = {isa = PBXFileReference; lastKnownFileType = image.tiff; path = blkSegmentR.tiff; sourceTree = "<group>"; };
		0E2707210E2DD59C00D65876 /* blkSegmentSelectedL.tiff */ = {isa = PBXFileReference; lastKnownFileType = image.tiff; path = blkSegmentSelectedL.tiff; sourceTree = "<group>"; };
		0E2707220E2DD59C00D65876 /* blkSegmentSelectedM.tiff */ = {isa = PBXFileReference; lastKnownFileType = image.tiff; path = blkSegmentSelectedM.tiff; sourceTree = "<group>"; };
		0E2707230E2DD59C00D65876 /* blkSegmentSelectedR.tiff */ = {isa = PBXFileReference; lastKnownFileType = image.tiff; path = blkSegmentSelectedR.tiff; sourceTree = "<group>"; };
		0E2707240E2DD59C00D65876 /* scroller-horz-cap.tiff */ = {isa = PBXFileReference; lastKnownFileType = image.tiff; path = "scroller-horz-cap.tiff"; sourceTree = "<group>"; };
		0E2707250E2DD59C00D65876 /* scroller-horz-inner-hilite.tiff */ = {isa = PBXFileReference; lastKnownFileType = image.tiff; path = "scroller-horz-inner-hilite.tiff"; sourceTree = "<group>"; };
		0E2707260E2DD59C00D65876 /* scroller-horz-inner.tiff */ = {isa = PBXFileReference; lastKnownFileType = image.tiff; path = "scroller-horz-inner.tiff"; sourceTree = "<group>"; };
		0E2707270E2DD59C00D65876 /* scroller-horz-outer-hilite.tiff */ = {isa = PBXFileReference; lastKnownFileType = image.tiff; path = "scroller-horz-outer-hilite.tiff"; sourceTree = "<group>"; };
		0E2707280E2DD59C00D65876 /* scroller-horz-outer.tiff */ = {isa = PBXFileReference; lastKnownFileType = image.tiff; path = "scroller-horz-outer.tiff"; sourceTree = "<group>"; };
		0E2707290E2DD59C00D65876 /* scroller-horz-track.tiff */ = {isa = PBXFileReference; lastKnownFileType = image.tiff; path = "scroller-horz-track.tiff"; sourceTree = "<group>"; };
		0E27072A0E2DD59C00D65876 /* scroller-vert-cap.tiff */ = {isa = PBXFileReference; lastKnownFileType = image.tiff; path = "scroller-vert-cap.tiff"; sourceTree = "<group>"; };
		0E27072B0E2DD59C00D65876 /* scroller-vert-end-hilite.tiff */ = {isa = PBXFileReference; lastKnownFileType = image.tiff; path = "scroller-vert-end-hilite.tiff"; sourceTree = "<group>"; };
		0E27072C0E2DD59C00D65876 /* scroller-vert-end.tiff */ = {isa = PBXFileReference; lastKnownFileType = image.tiff; path = "scroller-vert-end.tiff"; sourceTree = "<group>"; };
		0E27072D0E2DD59C00D65876 /* scroller-vert-inner-hilite.tiff */ = {isa = PBXFileReference; lastKnownFileType = image.tiff; path = "scroller-vert-inner-hilite.tiff"; sourceTree = "<group>"; };
		0E27072E0E2DD59C00D65876 /* scroller-vert-inner.tiff */ = {isa = PBXFileReference; lastKnownFileType = image.tiff; path = "scroller-vert-inner.tiff"; sourceTree = "<group>"; };
		0E27072F0E2DD59C00D65876 /* scroller-vert-outer-hilite.tiff */ = {isa = PBXFileReference; lastKnownFileType = image.tiff; path = "scroller-vert-outer-hilite.tiff"; sourceTree = "<group>"; };
		0E2707300E2DD59C00D65876 /* scroller-vert-outer.tiff */ = {isa = PBXFileReference; lastKnownFileType = image.tiff; path = "scroller-vert-outer.tiff"; sourceTree = "<group>"; };
		0E2707310E2DD59C00D65876 /* scroller-vert-track.tiff */ = {isa = PBXFileReference; lastKnownFileType = image.tiff; path = "scroller-vert-track.tiff"; sourceTree = "<group>"; };
		0E2707320E2DD59C00D65876 /* search-cancel-hilite.tiff */ = {isa = PBXFileReference; lastKnownFileType = image.tiff; path = "search-cancel-hilite.tiff"; sourceTree = "<group>"; };
		0E2707330E2DD59C00D65876 /* search-cancel.tiff */ = {isa = PBXFileReference; lastKnownFileType = image.tiff; path = "search-cancel.tiff"; sourceTree = "<group>"; };
		0E2707340E2DD59C00D65876 /* search-icon.tiff */ = {isa = PBXFileReference; lastKnownFileType = image.tiff; path = "search-icon.tiff"; sourceTree = "<group>"; };
		0E2707910E2DEA4E00D65876 /* button-left-hilite.png */ = {isa = PBXFileReference; lastKnownFileType = image.png; path = "button-left-hilite.png"; sourceTree = "<group>"; };
		0E2707920E2DEA4E00D65876 /* button-left.png */ = {isa = PBXFileReference; lastKnownFileType = image.png; path = "button-left.png"; sourceTree = "<group>"; };
		0E2707930E2DEA4E00D65876 /* button-middle-hilite.png */ = {isa = PBXFileReference; lastKnownFileType = image.png; path = "button-middle-hilite.png"; sourceTree = "<group>"; };
		0E2707940E2DEA4E00D65876 /* button-middle.png */ = {isa = PBXFileReference; lastKnownFileType = image.png; path = "button-middle.png"; sourceTree = "<group>"; };
		0E2707950E2DEA4E00D65876 /* button-right-hilite.png */ = {isa = PBXFileReference; lastKnownFileType = image.png; path = "button-right-hilite.png"; sourceTree = "<group>"; };
		0E2707960E2DEA4E00D65876 /* button-right.png */ = {isa = PBXFileReference; lastKnownFileType = image.png; path = "button-right.png"; sourceTree = "<group>"; };
		0E50B1010DBE93FB0036CA3E /* PGFadeOutPanel.m */ = {isa = PBXFileReference; fileEncoding = 4; lastKnownFileType = sourcecode.c.objc; path = PGFadeOutPanel.m; sourceTree = "<group>"; };
		0E50B1020DBE93FB0036CA3E /* PGFadeOutPanel.h */ = {isa = PBXFileReference; fileEncoding = 4; lastKnownFileType = sourcecode.c.h; path = PGFadeOutPanel.h; sourceTree = "<group>"; };
		0EEE5B970DB61620006E5B9C /* HMBlkSearchField.h */ = {isa = PBXFileReference; fileEncoding = 4; lastKnownFileType = sourcecode.c.h; path = HMBlkSearchField.h; sourceTree = "<group>"; };
		0EEE5B980DB61620006E5B9C /* HMBlkSearchField.m */ = {isa = PBXFileReference; fileEncoding = 4; lastKnownFileType = sourcecode.c.objc; path = HMBlkSearchField.m; sourceTree = "<group>"; };
		0EEE5B9B0DB61632006E5B9C /* HMBlkSearchFieldCell.h */ = {isa = PBXFileReference; fileEncoding = 4; lastKnownFileType = sourcecode.c.h; path = HMBlkSearchFieldCell.h; sourceTree = "<group>"; };
		0EEE5B9C0DB61632006E5B9C /* HMBlkSearchFieldCell.m */ = {isa = PBXFileReference; fileEncoding = 4; lastKnownFileType = sourcecode.c.objc; path = HMBlkSearchFieldCell.m; sourceTree = "<group>"; };
		1058C7B1FEA5585E11CA2CBB /* Cocoa.framework */ = {isa = PBXFileReference; lastKnownFileType = wrapper.framework; name = Cocoa.framework; path = /System/Library/Frameworks/Cocoa.framework; sourceTree = "<absolute>"; };
		32DBCF5E0370ADEE00C91783 /* HMBlkAppKit_Prefix.pch */ = {isa = PBXFileReference; fileEncoding = 4; lastKnownFileType = sourcecode.c.h; path = HMBlkAppKit_Prefix.pch; sourceTree = "<group>"; };
		8DC2EF5B0486A6940098B216 /* HMBlkAppKit.framework */ = {isa = PBXFileReference; explicitFileType = wrapper.framework; includeInIndex = 0; path = HMBlkAppKit.framework; sourceTree = BUILT_PRODUCTS_DIR; };
		D2F7E79907B2D74100F64583 /* CoreData.framework */ = {isa = PBXFileReference; lastKnownFileType = wrapper.framework; name = CoreData.framework; path = /System/Library/Frameworks/CoreData.framework; sourceTree = "<absolute>"; };
/* End PBXFileReference section */

/* Begin PBXFrameworksBuildPhase section */
		0B6BCA910BB237EF0014D0BF /* Frameworks */ = {
			isa = PBXFrameworksBuildPhase;
			buildActionMask = 2147483647;
			files = (
				0B6BCAA70BB238670014D0BF /* Cocoa.framework in Frameworks */,
				0B6BCAA80BB2386C0014D0BF /* HMBlkAppKit.framework in Frameworks */,
			);
			runOnlyForDeploymentPostprocessing = 0;
		};
		8DC2EF560486A6940098B216 /* Frameworks */ = {
			isa = PBXFrameworksBuildPhase;
			buildActionMask = 2147483647;
			files = (
				8DC2EF570486A6940098B216 /* Cocoa.framework in Frameworks */,
			);
			runOnlyForDeploymentPostprocessing = 0;
		};
/* End PBXFrameworksBuildPhase section */

/* Begin PBXGroup section */
		034768DFFF38A50411DB9C8B /* Products */ = {
			isa = PBXGroup;
			children = (
				8DC2EF5B0486A6940098B216 /* HMBlkAppKit.framework */,
				0B6BCA930BB237EF0014D0BF /* TestApp.app */,
			);
			name = Products;
			sourceTree = "<group>";
		};
		0867D691FE84028FC02AAC07 /* HMBlkAppKit */ = {
			isa = PBXGroup;
			children = (
				0B6BC9DF0BB236390014D0BF /* source */,
				32C88DFF0371C24200C91783 /* Other Sources */,
				0867D69AFE84028FC02AAC07 /* External Frameworks and Libraries */,
				034768DFFF38A50411DB9C8B /* Products */,
			);
			name = HMBlkAppKit;
			sourceTree = "<group>";
		};
		0867D69AFE84028FC02AAC07 /* External Frameworks and Libraries */ = {
			isa = PBXGroup;
			children = (
				1058C7B0FEA5585E11CA2CBB /* Linked Frameworks */,
				1058C7B2FEA5585E11CA2CBB /* Other Frameworks */,
			);
			name = "External Frameworks and Libraries";
			sourceTree = "<group>";
		};
		0B6BC9DF0BB236390014D0BF /* source */ = {
			isa = PBXGroup;
			children = (
				0B6BCA2F0BB236390014D0BF /* HMDTFoundation */,
				0B6BC9E30BB236390014D0BF /* HMDTAppKit */,
				0B6BC9E10BB236390014D0BF /* framework */,
				0B6BC9E00BB236390014D0BF /* application */,
			);
			path = source;
			sourceTree = "<group>";
		};
		0B6BC9E00BB236390014D0BF /* application */ = {
			isa = PBXGroup;
			children = (
				0B6BCAB50BB238ED0014D0BF /* main.m */,
				0B6BCAA40BB2383C0014D0BF /* Info.plist */,
				0B6BCAB80BB239500014D0BF /* InfoPlist.strings */,
				0B6BCABA0BB239500014D0BF /* MainMenu.nib */,
				0B6BCB270BB23F0A0014D0BF /* AppController.h */,
				0B6BCB280BB23F0A0014D0BF /* AppController.m */,
			);
			path = application;
			sourceTree = "<group>";
		};
		0B6BC9E10BB236390014D0BF /* framework */ = {
			isa = PBXGroup;
			children = (
				0B6BC9E20BB236390014D0BF /* Info.plist */,
			);
			path = framework;
			sourceTree = "<group>";
		};
		0B6BC9E30BB236390014D0BF /* HMDTAppKit */ = {
			isa = PBXGroup;
			children = (
				0B6BC9E40BB236390014D0BF /* HMAppKitEx.h */,
				0B6BC9E50BB236390014D0BF /* HMAppKitEx.m */,
				0B6BC9E60BB236390014D0BF /* HMBlkBox.h */,
				0B6BC9E70BB236390014D0BF /* HMBlkBox.m */,
				0B6BC9EC0BB236390014D0BF /* HMBlkContentView.h */,
				0B6BC9ED0BB236390014D0BF /* HMBlkContentView.m */,
				0B6BC9EE0BB236390014D0BF /* HMBlkOutlineView.h */,
				0B6BC9EF0BB236390014D0BF /* HMBlkOutlineView.m */,
				0B6BC9F00BB236390014D0BF /* HMBlkPanel.h */,
				0B6BC9F10BB236390014D0BF /* HMBlkPanel.m */,
				0B6BC9F20BB236390014D0BF /* HMBlkProgressIndicator.h */,
				0B6BC9F30BB236390014D0BF /* HMBlkProgressIndicator.m */,
				0B6BC9F40BB236390014D0BF /* HMBlkScroller.h */,
				0B6BC9F50BB236390014D0BF /* HMBlkScroller.m */,
				0B6BC9F60BB236390014D0BF /* HMBlkScrollView.h */,
				0B6BC9F70BB236390014D0BF /* HMBlkScrollView.m */,
				0EEE5B970DB61620006E5B9C /* HMBlkSearchField.h */,
				0EEE5B980DB61620006E5B9C /* HMBlkSearchField.m */,
				0EEE5B9B0DB61632006E5B9C /* HMBlkSearchFieldCell.h */,
				0EEE5B9C0DB61632006E5B9C /* HMBlkSearchFieldCell.m */,
				0B6BC9F80BB236390014D0BF /* HMBlkSegmentedCell.h */,
				0B6BC9F90BB236390014D0BF /* HMBlkSegmentedCell.m */,
				0B6BC9FA0BB236390014D0BF /* HMBlkSegmentedControl.h */,
				0B6BC9FB0BB236390014D0BF /* HMBlkSegmentedControl.m */,
				0B6BC9FC0BB236390014D0BF /* HMBlkTableHeaderCell.h */,
				0B6BC9FD0BB236390014D0BF /* HMBlkTableHeaderCell.m */,
				0B6BC9FE0BB236390014D0BF /* HMBlkTableView.h */,
				0B6BC9FF0BB236390014D0BF /* HMBlkTableView.m */,
				0B6BCA000BB236390014D0BF /* HMBlkAppKit.h */,
				0E50B1020DBE93FB0036CA3E /* PGFadeOutPanel.h */,
				0E50B1010DBE93FB0036CA3E /* PGFadeOutPanel.m */,
				0E074C600E04E56C0098634B /* resource */,
			);
			path = HMDTAppKit;
			sourceTree = "<group>";
		};
		0B6BCA2F0BB236390014D0BF /* HMDTFoundation */ = {
			isa = PBXGroup;
			children = (
				0B6BCA300BB236390014D0BF /* HMFoundationEx.h */,
				0B6BCA310BB236390014D0BF /* HMFoundationEx.m */,
			);
			path = HMDTFoundation;
			sourceTree = "<group>";
		};
		0E074C600E04E56C0098634B /* resource */ = {
			isa = PBXGroup;
			children = (
				0E2707040E2DD59C00D65876 /* blkCancelButton.tiff */,
				0E2707050E2DD59C00D65876 /* blkCloseButton.tiff */,
				0E2707060E2DD59C00D65876 /* blkContextButton.tiff */,
				0E2707070E2DD59C00D65876 /* blkContextButtonSelected.tiff */,
				0E2707080E2DD59C00D65876 /* blkDiscCollapsed.tiff */,
				0E2707090E2DD59C00D65876 /* blkDiscExpanded.tiff */,
				0E27070A0E2DD59C00D65876 /* blkDiscTransient.tiff */,
				0E27070B0E2DD59C00D65876 /* blkFindButton.tiff */,
				0E27070C0E2DD59C00D65876 /* blkPanelLB.tiff */,
				0E27070D0E2DD59C00D65876 /* blkPanelLM.tiff */,
				0E27070E0E2DD59C00D65876 /* blkPanelLT.tiff */,
				0E27070F0E2DD59C00D65876 /* blkPanelMB.tiff */,
				0E2707100E2DD59C00D65876 /* blkPanelMT.tiff */,
				0E2707110E2DD59C00D65876 /* blkPanelRB.tiff */,
				0E2707120E2DD59C00D65876 /* blkPanelRM.tiff */,
				0E2707130E2DD59C00D65876 /* blkPanelRT.tiff */,
				0E2707140E2DD59C00D65876 /* blkProgressBack.tiff */,
				0E2707150E2DD59C00D65876 /* blkProgressBar.tiff */,
				0E2707160E2DD59C00D65876 /* blkProgressIndeterminate.tiff */,
				0E2707170E2DD59C00D65876 /* blkScrollerKnobHL.tiff */,
				0E2707180E2DD59C00D65876 /* blkScrollerKnobHM.tiff */,
				0E2707190E2DD59C00D65876 /* blkScrollerKnobHR.tiff */,
				0E27071A0E2DD59C00D65876 /* blkScrollerKnobVB.tiff */,
				0E27071B0E2DD59C00D65876 /* blkScrollerKnobVM.tiff */,
				0E27071C0E2DD59C00D65876 /* blkScrollerKnobVT.tiff */,
				0E27071D0E2DD59C00D65876 /* blkSegmentDivider.tiff */,
				0E27071E0E2DD59C00D65876 /* blkSegmentL.tiff */,
				0E27071F0E2DD59C00D65876 /* blkSegmentM.tiff */,
				0E2707200E2DD59C00D65876 /* blkSegmentR.tiff */,
				0E2707210E2DD59C00D65876 /* blkSegmentSelectedL.tiff */,
				0E2707220E2DD59C00D65876 /* blkSegmentSelectedM.tiff */,
				0E2707230E2DD59C00D65876 /* blkSegmentSelectedR.tiff */,
				0E2707910E2DEA4E00D65876 /* button-left-hilite.png */,
				0E2707920E2DEA4E00D65876 /* button-left.png */,
				0E2707930E2DEA4E00D65876 /* button-middle-hilite.png */,
				0E2707940E2DEA4E00D65876 /* button-middle.png */,
				0E2707950E2DEA4E00D65876 /* button-right-hilite.png */,
				0E2707960E2DEA4E00D65876 /* button-right.png */,
				0E2707240E2DD59C00D65876 /* scroller-horz-cap.tiff */,
				0E2707250E2DD59C00D65876 /* scroller-horz-inner-hilite.tiff */,
				0E2707260E2DD59C00D65876 /* scroller-horz-inner.tiff */,
				0E2707270E2DD59C00D65876 /* scroller-horz-outer-hilite.tiff */,
				0E2707280E2DD59C00D65876 /* scroller-horz-outer.tiff */,
				0E2707290E2DD59C00D65876 /* scroller-horz-track.tiff */,
				0E27072A0E2DD59C00D65876 /* scroller-vert-cap.tiff */,
				0E27072B0E2DD59C00D65876 /* scroller-vert-end-hilite.tiff */,
				0E27072C0E2DD59C00D65876 /* scroller-vert-end.tiff */,
				0E27072D0E2DD59C00D65876 /* scroller-vert-inner-hilite.tiff */,
				0E27072E0E2DD59C00D65876 /* scroller-vert-inner.tiff */,
				0E27072F0E2DD59C00D65876 /* scroller-vert-outer-hilite.tiff */,
				0E2707300E2DD59C00D65876 /* scroller-vert-outer.tiff */,
				0E2707310E2DD59C00D65876 /* scroller-vert-track.tiff */,
				0E2707320E2DD59C00D65876 /* search-cancel-hilite.tiff */,
				0E2707330E2DD59C00D65876 /* search-cancel.tiff */,
				0E2707340E2DD59C00D65876 /* search-icon.tiff */,
			);
			path = resource;
			sourceTree = "<group>";
		};
		1058C7B0FEA5585E11CA2CBB /* Linked Frameworks */ = {
			isa = PBXGroup;
			children = (
				1058C7B1FEA5585E11CA2CBB /* Cocoa.framework */,
			);
			name = "Linked Frameworks";
			sourceTree = "<group>";
		};
		1058C7B2FEA5585E11CA2CBB /* Other Frameworks */ = {
			isa = PBXGroup;
			children = (
				0867D6A5FE840307C02AAC07 /* AppKit.framework */,
				D2F7E79907B2D74100F64583 /* CoreData.framework */,
				0867D69BFE84028FC02AAC07 /* Foundation.framework */,
			);
			name = "Other Frameworks";
			sourceTree = "<group>";
		};
		32C88DFF0371C24200C91783 /* Other Sources */ = {
			isa = PBXGroup;
			children = (
				32DBCF5E0370ADEE00C91783 /* HMBlkAppKit_Prefix.pch */,
			);
			name = "Other Sources";
			sourceTree = "<group>";
		};
/* End PBXGroup section */

/* Begin PBXNativeTarget section */
		0B6BCA920BB237EF0014D0BF /* TestApp */ = {
			isa = PBXNativeTarget;
			buildConfigurationList = 0B6BCA960BB237EF0014D0BF /* Build configuration list for PBXNativeTarget "TestApp" */;
			buildPhases = (
				0B6BCA8F0BB237EF0014D0BF /* Resources */,
				0B6BCA900BB237EF0014D0BF /* Sources */,
				0B6BCA910BB237EF0014D0BF /* Frameworks */,
				0B6BCB540BB243B10014D0BF /* CopyFiles */,
			);
			buildRules = (
			);
			dependencies = (
				0B6BCAD60BB23AD80014D0BF /* PBXTargetDependency */,
			);
			name = TestApp;
			productName = TestApp;
			productReference = 0B6BCA930BB237EF0014D0BF /* TestApp.app */;
			productType = "com.apple.product-type.application";
		};
		8DC2EF4F0486A6940098B216 /* HMBlkAppKit */ = {
			isa = PBXNativeTarget;
			buildConfigurationList = 1DEB91AD08733DA50010E9CD /* Build configuration list for PBXNativeTarget "HMBlkAppKit" */;
			buildPhases = (
				8DC2EF520486A6940098B216 /* Resources */,
				8DC2EF540486A6940098B216 /* Sources */,
				8DC2EF560486A6940098B216 /* Frameworks */,
			);
			buildRules = (
			);
			dependencies = (
			);
			name = HMBlkAppKit;
			productInstallPath = "$(HOME)/Library/Frameworks";
			productName = HMBlkAppKit;
			productReference = 8DC2EF5B0486A6940098B216 /* HMBlkAppKit.framework */;
			productType = "com.apple.product-type.framework";
		};
/* End PBXNativeTarget section */

/* Begin PBXProject section */
		0867D690FE84028FC02AAC07 /* Project object */ = {
			isa = PBXProject;
			buildConfigurationList = 1DEB91B108733DA50010E9CD /* Build configuration list for PBXProject "HMBlkAppKit" */;
			compatibilityVersion = "Xcode 2.4";
			hasScannedForEncodings = 1;
			mainGroup = 0867D691FE84028FC02AAC07 /* HMBlkAppKit */;
			productRefGroup = 034768DFFF38A50411DB9C8B /* Products */;
			projectDirPath = "";
			projectRoot = "";
			targets = (
				8DC2EF4F0486A6940098B216 /* HMBlkAppKit */,
				0B6BCA920BB237EF0014D0BF /* TestApp */,
			);
		};
/* End PBXProject section */

/* Begin PBXResourcesBuildPhase section */
		0B6BCA8F0BB237EF0014D0BF /* Resources */ = {
			isa = PBXResourcesBuildPhase;
			buildActionMask = 2147483647;
			files = (
				0B6BCAA50BB2383C0014D0BF /* Info.plist in Resources */,
				0B6BCABC0BB239500014D0BF /* InfoPlist.strings in Resources */,
				0B6BCABD0BB239500014D0BF /* MainMenu.nib in Resources */,
			);
			runOnlyForDeploymentPostprocessing = 0;
		};
		8DC2EF520486A6940098B216 /* Resources */ = {
			isa = PBXResourcesBuildPhase;
			buildActionMask = 2147483647;
			files = (
				0E2707350E2DD59C00D65876 /* blkCancelButton.tiff in Resources */,
				0E2707360E2DD59C00D65876 /* blkCloseButton.tiff in Resources */,
				0E2707370E2DD59C00D65876 /* blkContextButton.tiff in Resources */,
				0E2707380E2DD59C00D65876 /* blkContextButtonSelected.tiff in Resources */,
				0E2707390E2DD59C00D65876 /* blkDiscCollapsed.tiff in Resources */,
				0E27073A0E2DD59C00D65876 /* blkDiscExpanded.tiff in Resources */,
				0E27073B0E2DD59C00D65876 /* blkDiscTransient.tiff in Resources */,
				0E27073C0E2DD59C00D65876 /* blkFindButton.tiff in Resources */,
				0E27073D0E2DD59C00D65876 /* blkPanelLB.tiff in Resources */,
				0E27073E0E2DD59C00D65876 /* blkPanelLM.tiff in Resources */,
				0E27073F0E2DD59C00D65876 /* blkPanelLT.tiff in Resources */,
				0E2707400E2DD59C00D65876 /* blkPanelMB.tiff in Resources */,
				0E2707410E2DD59C00D65876 /* blkPanelMT.tiff in Resources */,
				0E2707420E2DD59C00D65876 /* blkPanelRB.tiff in Resources */,
				0E2707430E2DD59C00D65876 /* blkPanelRM.tiff in Resources */,
				0E2707440E2DD59C00D65876 /* blkPanelRT.tiff in Resources */,
				0E2707450E2DD59C00D65876 /* blkProgressBack.tiff in Resources */,
				0E2707460E2DD59C00D65876 /* blkProgressBar.tiff in Resources */,
				0E2707470E2DD59C00D65876 /* blkProgressIndeterminate.tiff in Resources */,
				0E2707480E2DD59C00D65876 /* blkScrollerKnobHL.tiff in Resources */,
				0E2707490E2DD59C00D65876 /* blkScrollerKnobHM.tiff in Resources */,
				0E27074A0E2DD59C00D65876 /* blkScrollerKnobHR.tiff in Resources */,
				0E27074B0E2DD59C00D65876 /* blkScrollerKnobVB.tiff in Resources */,
				0E27074C0E2DD59C00D65876 /* blkScrollerKnobVM.tiff in Resources */,
				0E27074D0E2DD59C00D65876 /* blkScrollerKnobVT.tiff in Resources */,
				0E27074E0E2DD59C00D65876 /* blkSegmentDivider.tiff in Resources */,
				0E27074F0E2DD59C00D65876 /* blkSegmentL.tiff in Resources */,
				0E2707500E2DD59C00D65876 /* blkSegmentM.tiff in Resources */,
				0E2707510E2DD59C00D65876 /* blkSegmentR.tiff in Resources */,
				0E2707520E2DD59C00D65876 /* blkSegmentSelectedL.tiff in Resources */,
				0E2707530E2DD59C00D65876 /* blkSegmentSelectedM.tiff in Resources */,
				0E2707540E2DD59C00D65876 /* blkSegmentSelectedR.tiff in Resources */,
				0E2707550E2DD59C00D65876 /* scroller-horz-cap.tiff in Resources */,
				0E2707560E2DD59C00D65876 /* scroller-horz-inner-hilite.tiff in Resources */,
				0E2707570E2DD59C00D65876 /* scroller-horz-inner.tiff in Resources */,
				0E2707580E2DD59C00D65876 /* scroller-horz-outer-hilite.tiff in Resources */,
				0E2707590E2DD59C00D65876 /* scroller-horz-outer.tiff in Resources */,
				0E27075A0E2DD59C00D65876 /* scroller-horz-track.tiff in Resources */,
				0E27075B0E2DD59C00D65876 /* scroller-vert-cap.tiff in Resources */,
				0E27075C0E2DD59C00D65876 /* scroller-vert-end-hilite.tiff in Resources */,
				0E27075D0E2DD59C00D65876 /* scroller-vert-end.tiff in Resources */,
				0E27075E0E2DD59C00D65876 /* scroller-vert-inner-hilite.tiff in Resources */,
				0E27075F0E2DD59C00D65876 /* scroller-vert-inner.tiff in Resources */,
				0E2707600E2DD59C00D65876 /* scroller-vert-outer-hilite.tiff in Resources */,
				0E2707610E2DD59C00D65876 /* scroller-vert-outer.tiff in Resources */,
				0E2707620E2DD59C00D65876 /* scroller-vert-track.tiff in Resources */,
				0E2707630E2DD59C00D65876 /* search-cancel-hilite.tiff in Resources */,
				0E2707640E2DD59C00D65876 /* search-cancel.tiff in Resources */,
				0E2707650E2DD59C00D65876 /* search-icon.tiff in Resources */,
				0E2707970E2DEA4E00D65876 /* button-left-hilite.png in Resources */,
				0E2707980E2DEA4E00D65876 /* button-left.png in Resources */,
				0E2707990E2DEA4E00D65876 /* button-middle-hilite.png in Resources */,
				0E27079A0E2DEA4E00D65876 /* button-middle.png in Resources */,
				0E27079B0E2DEA4E00D65876 /* button-right-hilite.png in Resources */,
				0E27079C0E2DEA4E00D65876 /* button-right.png in Resources */,
			);
			runOnlyForDeploymentPostprocessing = 0;
		};
/* End PBXResourcesBuildPhase section */

/* Begin PBXSourcesBuildPhase section */
		0B6BCA900BB237EF0014D0BF /* Sources */ = {
			isa = PBXSourcesBuildPhase;
			buildActionMask = 2147483647;
			files = (
				0B6BCAB60BB238ED0014D0BF /* main.m in Sources */,
				0B6BCB290BB23F0A0014D0BF /* AppController.m in Sources */,
			);
			runOnlyForDeploymentPostprocessing = 0;
		};
		8DC2EF540486A6940098B216 /* Sources */ = {
			isa = PBXSourcesBuildPhase;
			buildActionMask = 2147483647;
			files = (
				0B6BCA340BB236390014D0BF /* HMAppKitEx.m in Sources */,
				0B6BCA360BB236390014D0BF /* HMBlkBox.m in Sources */,
				0B6BCA3C0BB236390014D0BF /* HMBlkContentView.m in Sources */,
				0B6BCA3E0BB236390014D0BF /* HMBlkOutlineView.m in Sources */,
				0B6BCA400BB236390014D0BF /* HMBlkPanel.m in Sources */,
				0B6BCA420BB236390014D0BF /* HMBlkProgressIndicator.m in Sources */,
				0B6BCA440BB236390014D0BF /* HMBlkScroller.m in Sources */,
				0B6BCA460BB236390014D0BF /* HMBlkScrollView.m in Sources */,
				0B6BCA480BB236390014D0BF /* HMBlkSegmentedCell.m in Sources */,
				0B6BCA4A0BB236390014D0BF /* HMBlkSegmentedControl.m in Sources */,
				0B6BCA4C0BB236390014D0BF /* HMBlkTableHeaderCell.m in Sources */,
				0B6BCA4E0BB236390014D0BF /* HMBlkTableView.m in Sources */,
				0B6BCA7E0BB236390014D0BF /* HMFoundationEx.m in Sources */,
				0EEE5B9A0DB61620006E5B9C /* HMBlkSearchField.m in Sources */,
				0EEE5B9E0DB61632006E5B9C /* HMBlkSearchFieldCell.m in Sources */,
				0E50B1030DBE93FB0036CA3E /* PGFadeOutPanel.m in Sources */,
			);
			runOnlyForDeploymentPostprocessing = 0;
		};
/* End PBXSourcesBuildPhase section */

/* Begin PBXTargetDependency section */
		0B6BCAD60BB23AD80014D0BF /* PBXTargetDependency */ = {
			isa = PBXTargetDependency;
			target = 8DC2EF4F0486A6940098B216 /* HMBlkAppKit */;
			targetProxy = 0B6BCAD50BB23AD80014D0BF /* PBXContainerItemProxy */;
		};
/* End PBXTargetDependency section */

/* Begin PBXVariantGroup section */
		0B6BCAB80BB239500014D0BF /* InfoPlist.strings */ = {
			isa = PBXVariantGroup;
			children = (
				0B6BCAB90BB239500014D0BF /* English */,
			);
			name = InfoPlist.strings;
			path = English.lproj;
			sourceTree = "<group>";
		};
		0B6BCABA0BB239500014D0BF /* MainMenu.nib */ = {
			isa = PBXVariantGroup;
			children = (
				0B6BCABB0BB239500014D0BF /* English */,
			);
			name = MainMenu.nib;
			path = English.lproj;
			sourceTree = "<group>";
		};
/* End PBXVariantGroup section */

/* Begin XCBuildConfiguration section */
		0B6BCA970BB237EF0014D0BF /* Debug */ = {
			isa = XCBuildConfiguration;
			buildSettings = {
				COPY_PHASE_STRIP = NO;
				GCC_DYNAMIC_NO_PIC = NO;
				GCC_ENABLE_FIX_AND_CONTINUE = YES;
				GCC_GENERATE_DEBUGGING_SYMBOLS = YES;
				GCC_MODEL_TUNING = G5;
				GCC_OPTIMIZATION_LEVEL = 0;
				GCC_PRECOMPILE_PREFIX_HEADER = YES;
				GCC_PREFIX_HEADER = "$(SYSTEM_LIBRARY_DIR)/Frameworks/AppKit.framework/Headers/AppKit.h";
				INFOPLIST_FILE = source/application/Info.plist;
				INSTALL_PATH = "$(HOME)/Applications";
				OTHER_LDFLAGS = (
					"-framework",
					Foundation,
					"-framework",
					AppKit,
				);
				PREBINDING = NO;
				PRODUCT_NAME = TestApp;
				WRAPPER_EXTENSION = app;
				ZERO_LINK = YES;
			};
			name = Debug;
		};
		0B6BCA980BB237EF0014D0BF /* Release */ = {
			isa = XCBuildConfiguration;
			buildSettings = {
				COPY_PHASE_STRIP = YES;
				GCC_ENABLE_FIX_AND_CONTINUE = NO;
				GCC_GENERATE_DEBUGGING_SYMBOLS = NO;
				GCC_MODEL_TUNING = G5;
				GCC_PRECOMPILE_PREFIX_HEADER = YES;
				GCC_PREFIX_HEADER = "$(SYSTEM_LIBRARY_DIR)/Frameworks/AppKit.framework/Headers/AppKit.h";
				INFOPLIST_FILE = source/application/Info.plist;
				INSTALL_PATH = "$(HOME)/Applications";
				OTHER_LDFLAGS = (
					"-framework",
					Foundation,
					"-framework",
					AppKit,
				);
				PREBINDING = NO;
				PRODUCT_NAME = TestApp;
				WRAPPER_EXTENSION = app;
				ZERO_LINK = NO;
			};
			name = Release;
		};
		1DEB91AE08733DA50010E9CD /* Debug */ = {
			isa = XCBuildConfiguration;
			buildSettings = {
				COPY_PHASE_STRIP = NO;
				DYLIB_COMPATIBILITY_VERSION = 1;
				DYLIB_CURRENT_VERSION = 1;
				FRAMEWORK_VERSION = A;
				GCC_DYNAMIC_NO_PIC = NO;
				GCC_ENABLE_FIX_AND_CONTINUE = YES;
				GCC_PRECOMPILE_PREFIX_HEADER = YES;
				GCC_PREFIX_HEADER = HMBlkAppKit_Prefix.pch;
				INFOPLIST_FILE = source/framework/Info.plist;
				INSTALL_PATH = "@executable_path/../Frameworks";
				PRODUCT_NAME = HMBlkAppKit;
				WRAPPER_EXTENSION = framework;
				ZERO_LINK = YES;
			};
			name = Debug;
		};
		1DEB91AF08733DA50010E9CD /* Release */ = {
			isa = XCBuildConfiguration;
			buildSettings = {
				ARCHS = (
					ppc,
					i386,
				);
				DYLIB_COMPATIBILITY_VERSION = 1;
				DYLIB_CURRENT_VERSION = 1;
				FRAMEWORK_VERSION = A;
				GCC_GENERATE_DEBUGGING_SYMBOLS = NO;
				GCC_PRECOMPILE_PREFIX_HEADER = YES;
				GCC_PREFIX_HEADER = HMBlkAppKit_Prefix.pch;
				INFOPLIST_FILE = source/framework/Info.plist;
				INSTALL_PATH = "@executable_path/../Frameworks";
				PRODUCT_NAME = HMBlkAppKit;
				WRAPPER_EXTENSION = framework;
			};
			name = Release;
		};
		1DEB91B208733DA50010E9CD /* Debug */ = {
			isa = XCBuildConfiguration;
			buildSettings = {
				GCC_FAST_OBJC_DISPATCH = NO;
				GCC_OPTIMIZATION_LEVEL = 0;
				GCC_WARN_ABOUT_RETURN_TYPE = YES;
				GCC_WARN_CHECK_SWITCH_STATEMENTS = YES;
				GCC_WARN_SIGN_COMPARE = YES;
				GCC_WARN_UNUSED_VARIABLE = YES;
				MACOSX_DEPLOYMENT_TARGET = 10.3;
				PREBINDING = NO;
				SDKROOT = /Developer/SDKs/MacOSX10.5.sdk;
				SYMROOT = ../build;
			};
			name = Debug;
		};
		1DEB91B308733DA50010E9CD /* Release */ = {
			isa = XCBuildConfiguration;
			buildSettings = {
				ARCHS = (
					ppc,
					i386,
				);
				DEPLOYMENT_POSTPROCESSING = YES;
				GCC_AUTO_VECTORIZATION = YES;
				GCC_FAST_OBJC_DISPATCH = NO;
				GCC_OPTIMIZATION_LEVEL = 3;
				GCC_WARN_ABOUT_RETURN_TYPE = YES;
				GCC_WARN_CHECK_SWITCH_STATEMENTS = YES;
				GCC_WARN_SIGN_COMPARE = YES;
				GCC_WARN_UNUSED_VARIABLE = YES;
				MACOSX_DEPLOYMENT_TARGET = 10.3;
				PREBINDING = NO;
				SDKROOT = /Developer/SDKs/MacOSX10.5.sdk;
				SYMROOT = ../build;
			};
			name = Release;
		};
/* End XCBuildConfiguration section */

/* Begin XCConfigurationList section */
		0B6BCA960BB237EF0014D0BF /* Build configuration list for PBXNativeTarget "TestApp" */ = {
			isa = XCConfigurationList;
			buildConfigurations = (
				0B6BCA970BB237EF0014D0BF /* Debug */,
				0B6BCA980BB237EF0014D0BF /* Release */,
			);
			defaultConfigurationIsVisible = 0;
			defaultConfigurationName = Release;
		};
		1DEB91AD08733DA50010E9CD /* Build configuration list for PBXNativeTarget "HMBlkAppKit" */ = {
			isa = XCConfigurationList;
			buildConfigurations = (
				1DEB91AE08733DA50010E9CD /* Debug */,
				1DEB91AF08733DA50010E9CD /* Release */,
			);
			defaultConfigurationIsVisible = 0;
			defaultConfigurationName = Release;
		};
		1DEB91B108733DA50010E9CD /* Build configuration list for PBXProject "HMBlkAppKit" */ = {
			isa = XCConfigurationList;
			buildConfigurations = (
				1DEB91B208733DA50010E9CD /* Debug */,
				1DEB91B308733DA50010E9CD /* Release */,
			);
			defaultConfigurationIsVisible = 0;
			defaultConfigurationName = Release;
		};
/* End XCConfigurationList section */
	};
	rootObject = 0867D690FE84028FC02AAC07 /* Project object */;
}
