// !$*UTF8*$!
{
	archiveVersion = 1;
	classes = {
	};
	objectVersion = 42;
	objects = {

/* Begin PBXBuildFile section */
		1B0DD5980A29091F0009B697 /* XADArchivePipe.h in Headers */ = {isa = PBXBuildFile; fileRef = 1B0DD5960A29091F0009B697 /* XADArchivePipe.h */; };
		1B0DD5990A29091F0009B697 /* XADArchivePipe.m in Sources */ = {isa = PBXBuildFile; fileRef = 1B0DD5970A29091F0009B697 /* XADArchivePipe.m */; };
		1B0DE56E0A38DF260009B697 /* UniversalDetector.framework in Frameworks */ = {isa = PBXBuildFile; fileRef = 1B0DDEC00A2FB51B0009B697 /* UniversalDetector.framework */; };
		1B2110710A4452C2005ED2AF /* XADRegex.m in Sources */ = {isa = PBXBuildFile; fileRef = 1B21106F0A4452C2005ED2AF /* XADRegex.m */; };
		1B2110720A4452C2005ED2AF /* XADRegex.h in Headers */ = {isa = PBXBuildFile; fileRef = 1B2110700A4452C2005ED2AF /* XADRegex.h */; settings = {ATTRIBUTES = (Public, ); }; };
		1B2110B60A44A824005ED2AF /* xad.cpp in Sources */ = {isa = PBXBuildFile; fileRef = 1B2110AE0A44A7D7005ED2AF /* xad.cpp */; };
		1B5A7BAA0A24FA0200B189EB /* XADTest.m in Sources */ = {isa = PBXBuildFile; fileRef = 1B5A7BA90A24FA0200B189EB /* XADTest.m */; };
		1B5A7BAB0A24FA1200B189EB /* all.c in Sources */ = {isa = PBXBuildFile; fileRef = 1B5A7A780A24CBC400B189EB /* all.c */; };
		1B5A7BAC0A24FA1500B189EB /* clients.c in Sources */ = {isa = PBXBuildFile; fileRef = 1B5A7A790A24CBC400B189EB /* clients.c */; };
		1B5A7BAD0A24FA1C00B189EB /* emulation.c in Sources */ = {isa = PBXBuildFile; fileRef = 1B5A7A750A24CBB800B189EB /* emulation.c */; };
		1B5A7BB80A24FA4500B189EB /* xadmaster.h in Headers */ = {isa = PBXBuildFile; fileRef = 1B5A7AD10A24CCBB00B189EB /* xadmaster.h */; settings = {ATTRIBUTES = (Public, ); }; };
		1B5A7BBD0A24FB3800B189EB /* XADMaster.framework in Frameworks */ = {isa = PBXBuildFile; fileRef = 8DC2EF5B0486A6940098B216 /* XADMaster.framework */; };
		1B5A7D790A25D22000B189EB /* XADArchive.h in Headers */ = {isa = PBXBuildFile; fileRef = 1B5A7AF50A24CFD200B189EB /* XADArchive.h */; settings = {ATTRIBUTES = (Public, ); }; };
		1B5A7E330A25D48000B189EB /* AppKit.framework in Frameworks */ = {isa = PBXBuildFile; fileRef = 0867D6A5FE840307C02AAC07 /* AppKit.framework */; };
		1B5A7E350A25D49400B189EB /* AppKit.framework in Frameworks */ = {isa = PBXBuildFile; fileRef = 0867D6A5FE840307C02AAC07 /* AppKit.framework */; };
		1B5A80B60A27AA9900B189EB /* XADArchive.m in Sources */ = {isa = PBXBuildFile; fileRef = 1B5A80B50A27AA9900B189EB /* XADArchive.m */; };
		1BFF75DC0B6D104A00E0900B /* init.c in Sources */ = {isa = PBXBuildFile; fileRef = 1B5A7A740A24CBB800B189EB /* init.c */; };
		56FBC92C0A57541300BE98CF /* Info.plist in Resources */ = {isa = PBXBuildFile; fileRef = 56FBC92B0A57541300BE98CF /* Info.plist */; };
		8DC2EF530486A6940098B216 /* InfoPlist.strings in Resources */ = {isa = PBXBuildFile; fileRef = 089C1666FE841158C02AAC07 /* InfoPlist.strings */; };
/* End PBXBuildFile section */

/* Begin PBXContainerItemProxy section */
		1B5A7BBB0A24FB2400B189EB /* PBXContainerItemProxy */ = {
			isa = PBXContainerItemProxy;
			containerPortal = 0867D690FE84028FC02AAC07 /* Project object */;
			proxyType = 1;
			remoteGlobalIDString = 8DC2EF4F0486A6940098B216;
			remoteInfo = XADMaster;
		};
		56FBC8E30A57531D00BE98CF /* PBXContainerItemProxy */ = {
			isa = PBXContainerItemProxy;
			containerPortal = 56FBC8DC0A57531D00BE98CF /* UniversalDetector.xcodeproj */;
			proxyType = 2;
			remoteGlobalIDString = 8DC2EF5B0486A6940098B216;
			remoteInfo = UniversalDetector;
		};
		56FBC8E50A57531D00BE98CF /* PBXContainerItemProxy */ = {
			isa = PBXContainerItemProxy;
			containerPortal = 56FBC8DC0A57531D00BE98CF /* UniversalDetector.xcodeproj */;
			proxyType = 2;
			remoteGlobalIDString = 1B0DDCAB0A2D0AD10009B697;
			remoteInfo = DetectorTest;
		};
		56FBC91D0A5753DB00BE98CF /* PBXContainerItemProxy */ = {
			isa = PBXContainerItemProxy;
			containerPortal = 56FBC8DC0A57531D00BE98CF /* UniversalDetector.xcodeproj */;
			proxyType = 1;
			remoteGlobalIDString = 8DC2EF4F0486A6940098B216;
			remoteInfo = UniversalDetector;
		};
/* End PBXContainerItemProxy section */

/* Begin PBXFileReference section */
		0867D6A5FE840307C02AAC07 /* AppKit.framework */ = {isa = PBXFileReference; lastKnownFileType = wrapper.framework; name = AppKit.framework; path = /System/Library/Frameworks/AppKit.framework; sourceTree = "<absolute>"; };
		089C1667FE841158C02AAC07 /* English */ = {isa = PBXFileReference; fileEncoding = 10; lastKnownFileType = text.plist.strings; name = English; path = English.lproj/InfoPlist.strings; sourceTree = "<group>"; };
		1B0DD5960A29091F0009B697 /* XADArchivePipe.h */ = {isa = PBXFileReference; fileEncoding = 4; lastKnownFileType = sourcecode.c.h; path = XADArchivePipe.h; sourceTree = "<group>"; };
		1B0DD5970A29091F0009B697 /* XADArchivePipe.m */ = {isa = PBXFileReference; fileEncoding = 4; lastKnownFileType = sourcecode.c.objc; path = XADArchivePipe.m; sourceTree = "<group>"; };
		1B0DDEC00A2FB51B0009B697 /* UniversalDetector.framework */ = {isa = PBXFileReference; lastKnownFileType = wrapper.framework; name = UniversalDetector.framework; path = /Library/Frameworks/UniversalDetector.framework; sourceTree = "<absolute>"; };
		1B0DE3280A34AE4F0009B697 /* ConvertE.c */ = {isa = PBXFileReference; fileEncoding = 30; lastKnownFileType = sourcecode.c.c; name = ConvertE.c; path = ../include/ConvertE.c; sourceTree = SOURCE_ROOT; };
		1B210C0A0A3E12F0005ED2AF /* Rar.c */ = {isa = PBXFileReference; fileEncoding = 4; lastKnownFileType = sourcecode.c.c; name = Rar.c; path = ../clients/Rar.c; sourceTree = SOURCE_ROOT; usesTabs = 0; };
		1B210D4D0A40E457005ED2AF /* xadIO.doc */ = {isa = PBXFileReference; fileEncoding = 30; lastKnownFileType = text; name = xadIO.doc; path = ../../amiga/source/clients/xadIO.doc; sourceTree = SOURCE_ROOT; };
		1B21106F0A4452C2005ED2AF /* XADRegex.m */ = {isa = PBXFileReference; fileEncoding = 30; lastKnownFileType = sourcecode.c.objc; path = XADRegex.m; sourceTree = "<group>"; };
		1B2110700A4452C2005ED2AF /* XADRegex.h */ = {isa = PBXFileReference; fileEncoding = 30; lastKnownFileType = sourcecode.c.h; path = XADRegex.h; sourceTree = "<group>"; };
		1B2110A10A44A7D7005ED2AF /* rarvm.hpp */ = {isa = PBXFileReference; fileEncoding = 30; lastKnownFileType = sourcecode.cpp.h; name = rarvm.hpp; path = ../clients/rar_cpp/rarvm.hpp; sourceTree = SOURCE_ROOT; };
		1B2110A20A44A7D7005ED2AF /* suballoc.hpp */ = {isa = PBXFileReference; fileEncoding = 30; lastKnownFileType = sourcecode.cpp.h; name = suballoc.hpp; path = ../clients/rar_cpp/suballoc.hpp; sourceTree = SOURCE_ROOT; };
		1B2110A30A44A7D7005ED2AF /* rarvmtbl.cpp */ = {isa = PBXFileReference; fileEncoding = 30; lastKnownFileType = sourcecode.cpp.cpp; name = rarvmtbl.cpp; path = ../clients/rar_cpp/rarvmtbl.cpp; sourceTree = SOURCE_ROOT; };
		1B2110A40A44A7D7005ED2AF /* array.hpp */ = {isa = PBXFileReference; fileEncoding = 30; lastKnownFileType = sourcecode.cpp.h; name = array.hpp; path = ../clients/rar_cpp/array.hpp; sourceTree = SOURCE_ROOT; };
		1B2110A50A44A7D7005ED2AF /* unpack15.cpp */ = {isa = PBXFileReference; fileEncoding = 30; lastKnownFileType = sourcecode.cpp.cpp; name = unpack15.cpp; path = ../clients/rar_cpp/unpack15.cpp; sourceTree = SOURCE_ROOT; };
		1B2110A60A44A7D7005ED2AF /* model.cpp */ = {isa = PBXFileReference; fileEncoding = 30; lastKnownFileType = sourcecode.cpp.cpp; name = model.cpp; path = ../clients/rar_cpp/model.cpp; sourceTree = SOURCE_ROOT; };
		1B2110A70A44A7D7005ED2AF /* rardefs.hpp */ = {isa = PBXFileReference; fileEncoding = 30; lastKnownFileType = sourcecode.cpp.h; name = rardefs.hpp; path = ../clients/rar_cpp/rardefs.hpp; sourceTree = SOURCE_ROOT; };
		1B2110A80A44A7D7005ED2AF /* unpack20.cpp */ = {isa = PBXFileReference; fileEncoding = 30; lastKnownFileType = sourcecode.cpp.cpp; name = unpack20.cpp; path = ../clients/rar_cpp/unpack20.cpp; sourceTree = SOURCE_ROOT; };
		1B2110A90A44A7D7005ED2AF /* coder.hpp */ = {isa = PBXFileReference; fileEncoding = 30; lastKnownFileType = sourcecode.cpp.h; name = coder.hpp; path = ../clients/rar_cpp/coder.hpp; sourceTree = SOURCE_ROOT; };
		1B2110AA0A44A7D7005ED2AF /* getbits.cpp */ = {isa = PBXFileReference; fileEncoding = 30; lastKnownFileType = sourcecode.cpp.cpp; name = getbits.cpp; path = ../clients/rar_cpp/getbits.cpp; sourceTree = SOURCE_ROOT; };
		1B2110AB0A44A7D7005ED2AF /* suballoc.cpp */ = {isa = PBXFileReference; fileEncoding = 30; lastKnownFileType = sourcecode.cpp.cpp; name = suballoc.cpp; path = ../clients/rar_cpp/suballoc.cpp; sourceTree = SOURCE_ROOT; };
		1B2110AC0A44A7D7005ED2AF /* model.hpp */ = {isa = PBXFileReference; fileEncoding = 30; lastKnownFileType = sourcecode.cpp.h; name = model.hpp; path = ../clients/rar_cpp/model.hpp; sourceTree = SOURCE_ROOT; };
		1B2110AD0A44A7D7005ED2AF /* getbits.hpp */ = {isa = PBXFileReference; fileEncoding = 30; lastKnownFileType = sourcecode.cpp.h; name = getbits.hpp; path = ../clients/rar_cpp/getbits.hpp; sourceTree = SOURCE_ROOT; };
		1B2110AE0A44A7D7005ED2AF /* xad.cpp */ = {isa = PBXFileReference; fileEncoding = 30; lastKnownFileType = sourcecode.cpp.cpp; name = xad.cpp; path = ../clients/rar_cpp/xad.cpp; sourceTree = SOURCE_ROOT; };
		1B2110AF0A44A7D7005ED2AF /* unpack.cpp */ = {isa = PBXFileReference; fileEncoding = 30; lastKnownFileType = sourcecode.cpp.cpp; name = unpack.cpp; path = ../clients/rar_cpp/unpack.cpp; sourceTree = SOURCE_ROOT; };
		1B2110B00A44A7D7005ED2AF /* compress.hpp */ = {isa = PBXFileReference; fileEncoding = 30; lastKnownFileType = sourcecode.cpp.h; name = compress.hpp; path = ../clients/rar_cpp/compress.hpp; sourceTree = SOURCE_ROOT; };
		1B2110B10A44A7D7005ED2AF /* rartypes.hpp */ = {isa = PBXFileReference; fileEncoding = 30; lastKnownFileType = sourcecode.cpp.h; name = rartypes.hpp; path = ../clients/rar_cpp/rartypes.hpp; sourceTree = SOURCE_ROOT; };
		1B2110B20A44A7D7005ED2AF /* rarvm.cpp */ = {isa = PBXFileReference; fileEncoding = 30; lastKnownFileType = sourcecode.cpp.cpp; name = rarvm.cpp; path = ../clients/rar_cpp/rarvm.cpp; sourceTree = SOURCE_ROOT; };
		1B2110B30A44A7D7005ED2AF /* unpack.hpp */ = {isa = PBXFileReference; fileEncoding = 30; lastKnownFileType = sourcecode.cpp.h; name = unpack.hpp; path = ../clients/rar_cpp/unpack.hpp; sourceTree = SOURCE_ROOT; };
		1B2110B40A44A7D7005ED2AF /* coder.cpp */ = {isa = PBXFileReference; fileEncoding = 30; lastKnownFileType = sourcecode.cpp.cpp; name = coder.cpp; path = ../clients/rar_cpp/coder.cpp; sourceTree = SOURCE_ROOT; };
		1B2110B50A44A7D7005ED2AF /* rar.hpp */ = {isa = PBXFileReference; fileEncoding = 30; lastKnownFileType = sourcecode.cpp.h; name = rar.hpp; path = ../clients/rar_cpp/rar.hpp; sourceTree = SOURCE_ROOT; };
		1B2112540A473184005ED2AF /* BinHex.c */ = {isa = PBXFileReference; fileEncoding = 4; lastKnownFileType = sourcecode.c.c; name = BinHex.c; path = ../clients/BinHex.c; sourceTree = SOURCE_ROOT; usesTabs = 1; };
		1B2115C80A4B173D005ED2AF /* 7-Zip.c */ = {isa = PBXFileReference; fileEncoding = 30; lastKnownFileType = sourcecode.c.c; name = "7-Zip.c"; path = "../clients/7-Zip.c"; sourceTree = SOURCE_ROOT; };
		1B5A7A740A24CBB800B189EB /* init.c */ = {isa = PBXFileReference; fileEncoding = 30; lastKnownFileType = sourcecode.c.c; name = init.c; path = ../unix/init.c; sourceTree = SOURCE_ROOT; usesTabs = 0; };
		1B5A7A750A24CBB800B189EB /* emulation.c */ = {isa = PBXFileReference; fileEncoding = 30; lastKnownFileType = sourcecode.c.c; name = emulation.c; path = ../unix/emulation.c; sourceTree = SOURCE_ROOT; usesTabs = 0; };
		1B5A7A780A24CBC400B189EB /* all.c */ = {isa = PBXFileReference; fileEncoding = 30; lastKnownFileType = sourcecode.c.c; name = all.c; path = ../all.c; sourceTree = SOURCE_ROOT; usesTabs = 0; };
		1B5A7A790A24CBC400B189EB /* clients.c */ = {isa = PBXFileReference; fileEncoding = 30; lastKnownFileType = sourcecode.c.c; name = clients.c; path = ../clients.c; sourceTree = SOURCE_ROOT; usesTabs = 0; };
		1B5A7A7C0A24CBEE00B189EB /* cs_atarist_to_unicode.c */ = {isa = PBXFileReference; fileEncoding = 30; lastKnownFileType = sourcecode.c.c; name = cs_atarist_to_unicode.c; path = ../cs_atarist_to_unicode.c; sourceTree = SOURCE_ROOT; usesTabs = 0; };
		1B5A7A7D0A24CBEE00B189EB /* info.c */ = {isa = PBXFileReference; fileEncoding = 30; lastKnownFileType = sourcecode.c.c; name = info.c; path = ../info.c; sourceTree = SOURCE_ROOT; usesTabs = 0; };
		1B5A7A7E0A24CBEE00B189EB /* hook_stream.c */ = {isa = PBXFileReference; fileEncoding = 30; lastKnownFileType = sourcecode.c.c; name = hook_stream.c; path = ../hook_stream.c; sourceTree = SOURCE_ROOT; usesTabs = 0; };
		1B5A7A7F0A24CBEE00B189EB /* hook_splitted.c */ = {isa = PBXFileReference; fileEncoding = 30; lastKnownFileType = sourcecode.c.c; name = hook_splitted.c; path = ../hook_splitted.c; sourceTree = SOURCE_ROOT; usesTabs = 0; };
		1B5A7A800A24CBEE00B189EB /* hook_mem.c */ = {isa = PBXFileReference; fileEncoding = 30; lastKnownFileType = sourcecode.c.c; name = hook_mem.c; path = ../hook_mem.c; sourceTree = SOURCE_ROOT; usesTabs = 0; };
		1B5A7A810A24CBEE00B189EB /* hook_diskarc.c */ = {isa = PBXFileReference; fileEncoding = 30; lastKnownFileType = sourcecode.c.c; name = hook_diskarc.c; path = ../hook_diskarc.c; sourceTree = SOURCE_ROOT; usesTabs = 0; };
		1B5A7A820A24CBEE00B189EB /* hook.c */ = {isa = PBXFileReference; fileEncoding = 30; lastKnownFileType = sourcecode.c.c; name = hook.c; path = ../hook.c; sourceTree = SOURCE_ROOT; usesTabs = 0; };
		1B5A7A830A24CBEE00B189EB /* fileunarc.c */ = {isa = PBXFileReference; fileEncoding = 30; lastKnownFileType = sourcecode.c.c; name = fileunarc.c; path = ../fileunarc.c; sourceTree = SOURCE_ROOT; usesTabs = 0; };
		1B5A7A840A24CBEE00B189EB /* filename.c */ = {isa = PBXFileReference; fileEncoding = 30; lastKnownFileType = sourcecode.c.c; name = filename.c; path = ../filename.c; sourceTree = SOURCE_ROOT; usesTabs = 0; };
		1B5A7A850A24CBEE00B189EB /* error.c */ = {isa = PBXFileReference; fileEncoding = 30; lastKnownFileType = sourcecode.c.c; name = error.c; path = ../error.c; sourceTree = SOURCE_ROOT; usesTabs = 0; };
		1B5A7A860A24CBEE00B189EB /* diskunarc.c */ = {isa = PBXFileReference; fileEncoding = 30; lastKnownFileType = sourcecode.c.c; name = diskunarc.c; path = ../diskunarc.c; sourceTree = SOURCE_ROOT; usesTabs = 0; };
		1B5A7A870A24CBEE00B189EB /* diskfile.c */ = {isa = PBXFileReference; fileEncoding = 30; lastKnownFileType = sourcecode.c.c; name = diskfile.c; path = ../diskfile.c; sourceTree = SOURCE_ROOT; usesTabs = 0; };
		1B5A7A880A24CBEE00B189EB /* cs_unicode_to_iso8859-1.c */ = {isa = PBXFileReference; fileEncoding = 30; lastKnownFileType = sourcecode.c.c; name = "cs_unicode_to_iso8859-1.c"; path = "../cs_unicode_to_iso8859-1.c"; sourceTree = SOURCE_ROOT; usesTabs = 0; };
		1B5A7A890A24CBEE00B189EB /* cs_macroman_to_unicode.c */ = {isa = PBXFileReference; fileEncoding = 30; lastKnownFileType = sourcecode.c.c; name = cs_macroman_to_unicode.c; path = ../cs_macroman_to_unicode.c; sourceTree = SOURCE_ROOT; usesTabs = 0; };
		1B5A7A8A0A24CBEE00B189EB /* crc.c */ = {isa = PBXFileReference; fileEncoding = 30; lastKnownFileType = sourcecode.c.c; name = crc.c; path = ../crc.c; sourceTree = SOURCE_ROOT; usesTabs = 0; };
		1B5A7A8B0A24CBEE00B189EB /* copymem.c */ = {isa = PBXFileReference; fileEncoding = 30; lastKnownFileType = sourcecode.c.c; name = copymem.c; path = ../copymem.c; sourceTree = SOURCE_ROOT; usesTabs = 0; };
		1B5A7A8C0A24CBEE00B189EB /* debug.c */ = {isa = PBXFileReference; fileEncoding = 30; lastKnownFileType = sourcecode.c.c; name = debug.c; path = ../debug.c; sourceTree = SOURCE_ROOT; usesTabs = 0; };
		1B5A7A8D0A24CBEE00B189EB /* dates.c */ = {isa = PBXFileReference; fileEncoding = 30; lastKnownFileType = sourcecode.c.c; name = dates.c; path = ../dates.c; sourceTree = SOURCE_ROOT; usesTabs = 0; };
		1B5A7A8E0A24CBEE00B189EB /* cs_windowscp1252_to_unicod.c */ = {isa = PBXFileReference; fileEncoding = 30; lastKnownFileType = sourcecode.c.c; name = cs_windowscp1252_to_unicod.c; path = ../cs_windowscp1252_to_unicod.c; sourceTree = SOURCE_ROOT; usesTabs = 0; };
		1B5A7A8F0A24CBEE00B189EB /* cs_c64_to_unicode.c */ = {isa = PBXFileReference; fileEncoding = 30; lastKnownFileType = sourcecode.c.c; name = cs_c64_to_unicode.c; path = ../cs_c64_to_unicode.c; sourceTree = SOURCE_ROOT; usesTabs = 0; };
		1B5A7A900A24CBEE00B189EB /* protection.c */ = {isa = PBXFileReference; fileEncoding = 30; lastKnownFileType = sourcecode.c.c; name = protection.c; path = ../protection.c; sourceTree = SOURCE_ROOT; usesTabs = 0; };
		1B5A7A910A24CBEE00B189EB /* objects.c */ = {isa = PBXFileReference; fileEncoding = 30; lastKnownFileType = sourcecode.c.c; name = objects.c; path = ../objects.c; sourceTree = SOURCE_ROOT; usesTabs = 0; };
		1B5A7A920A24CBEE00B189EB /* clientfunc.c */ = {isa = PBXFileReference; fileEncoding = 30; lastKnownFileType = sourcecode.c.c; name = clientfunc.c; path = ../clientfunc.c; sourceTree = SOURCE_ROOT; usesTabs = 0; };
		1B5A7A930A24CBEE00B189EB /* cs_ibmcp437_to_unicode.c */ = {isa = PBXFileReference; fileEncoding = 30; lastKnownFileType = sourcecode.c.c; name = cs_ibmcp437_to_unicode.c; path = ../cs_ibmcp437_to_unicode.c; sourceTree = SOURCE_ROOT; usesTabs = 0; };
		1B5A7A980A24CC3200B189EB /* config.h */ = {isa = PBXFileReference; fileEncoding = 30; lastKnownFileType = sourcecode.c.h; name = config.h; path = ../config.h; sourceTree = SOURCE_ROOT; usesTabs = 0; };
		1B5A7AA20A24CC4200B189EB /* hook_fh.c */ = {isa = PBXFileReference; fileEncoding = 30; lastKnownFileType = sourcecode.c.c; name = hook_fh.c; path = ../unix/hook_fh.c; sourceTree = SOURCE_ROOT; usesTabs = 0; };
		1B5A7AA30A24CC4200B189EB /* emulation.h */ = {isa = PBXFileReference; fileEncoding = 30; lastKnownFileType = sourcecode.c.h; name = emulation.h; path = ../unix/emulation.h; sourceTree = SOURCE_ROOT; usesTabs = 0; };
		1B5A7AA40A24CC4200B189EB /* xadXPK.c */ = {isa = PBXFileReference; fileEncoding = 30; lastKnownFileType = sourcecode.c.c; name = xadXPK.c; path = ../unix/xadXPK.c; sourceTree = SOURCE_ROOT; usesTabs = 0; };
		1B5A7AA50A24CC4200B189EB /* xadClient.h */ = {isa = PBXFileReference; fileEncoding = 30; lastKnownFileType = sourcecode.c.h; name = xadClient.h; path = ../unix/xadClient.h; sourceTree = SOURCE_ROOT; usesTabs = 0; };
		1B5A7AA60A24CC5E00B189EB /* CAB.c */ = {isa = PBXFileReference; fileEncoding = 30; lastKnownFileType = sourcecode.c.c; name = CAB.c; path = ../clients/CAB.c; sourceTree = SOURCE_ROOT; usesTabs = 0; };
		1B5A7AA70A24CC5E00B189EB /* LhA.c */ = {isa = PBXFileReference; fileEncoding = 30; lastKnownFileType = sourcecode.c.c; name = LhA.c; path = ../clients/LhA.c; sourceTree = SOURCE_ROOT; usesTabs = 0; };
		1B5A7AA80A24CC5E00B189EB /* DMS.c */ = {isa = PBXFileReference; fileEncoding = 30; lastKnownFileType = sourcecode.c.c; name = DMS.c; path = ../clients/DMS.c; sourceTree = SOURCE_ROOT; usesTabs = 0; };
		1B5A7AA90A24CC5E00B189EB /* FS_SOS.c */ = {isa = PBXFileReference; fileEncoding = 30; lastKnownFileType = sourcecode.c.c; name = FS_SOS.c; path = ../clients/FS_SOS.c; sourceTree = SOURCE_ROOT; usesTabs = 0; };
		1B5A7AAA0A24CC5E00B189EB /* LZX.c */ = {isa = PBXFileReference; fileEncoding = 30; lastKnownFileType = sourcecode.c.c; name = LZX.c; path = ../clients/LZX.c; sourceTree = SOURCE_ROOT; usesTabs = 0; };
		1B5A7AAB0A24CC5E00B189EB /* xadCRC_1021.c */ = {isa = PBXFileReference; fileEncoding = 30; lastKnownFileType = sourcecode.c.c; name = xadCRC_1021.c; path = ../clients/xadCRC_1021.c; sourceTree = SOURCE_ROOT; usesTabs = 0; };
		1B5A7AAC0A24CC5E00B189EB /* PackDev.c */ = {isa = PBXFileReference; fileEncoding = 30; lastKnownFileType = sourcecode.c.c; name = PackDev.c; path = ../clients/PackDev.c; sourceTree = SOURCE_ROOT; usesTabs = 0; };
		1B5A7AAD0A24CC5E00B189EB /* xadIO_XPK.c */ = {isa = PBXFileReference; fileEncoding = 30; lastKnownFileType = sourcecode.c.c; name = xadIO_XPK.c; path = ../clients/xadIO_XPK.c; sourceTree = SOURCE_ROOT; usesTabs = 0; };
		1B5A7AAE0A24CC5E00B189EB /* RPM.c */ = {isa = PBXFileReference; fileEncoding = 30; lastKnownFileType = sourcecode.c.c; name = RPM.c; path = ../clients/RPM.c; sourceTree = SOURCE_ROOT; usesTabs = 0; };
		1B5A7AAF0A24CC5E00B189EB /* xadIO.c */ = {isa = PBXFileReference; fileEncoding = 30; lastKnownFileType = sourcecode.c.c; name = xadIO.c; path = ../clients/xadIO.c; sourceTree = SOURCE_ROOT; usesTabs = 0; };
		1B5A7AB00A24CC5E00B189EB /* TR-DOS.c */ = {isa = PBXFileReference; fileEncoding = 30; lastKnownFileType = sourcecode.c.c; name = "TR-DOS.c"; path = "../clients/TR-DOS.c"; sourceTree = SOURCE_ROOT; usesTabs = 0; };
		1B5A7AB10A24CC5E00B189EB /* MDC.c */ = {isa = PBXFileReference; fileEncoding = 30; lastKnownFileType = sourcecode.c.c; name = MDC.c; path = ../clients/MDC.c; sourceTree = SOURCE_ROOT; usesTabs = 0; };
		1B5A7AB20A24CC5E00B189EB /* HA.c */ = {isa = PBXFileReference; fileEncoding = 30; lastKnownFileType = sourcecode.c.c; name = HA.c; path = ../clients/HA.c; sourceTree = SOURCE_ROOT; usesTabs = 0; };
		1B5A7AB30A24CC5E00B189EB /* Zoom.c */ = {isa = PBXFileReference; fileEncoding = 30; lastKnownFileType = sourcecode.c.c; name = Zoom.c; path = ../clients/Zoom.c; sourceTree = SOURCE_ROOT; usesTabs = 0; };
		1B5A7AB40A24CC5E00B189EB /* xadIO.h */ = {isa = PBXFileReference; fileEncoding = 30; lastKnownFileType = sourcecode.c.h; name = xadIO.h; path = ../clients/xadIO.h; sourceTree = SOURCE_ROOT; usesTabs = 0; };
		1B5A7AB50A24CC5E00B189EB /* Ace.c */ = {isa = PBXFileReference; fileEncoding = 30; lastKnownFileType = sourcecode.c.c; name = Ace.c; path = ../clients/Ace.c; sourceTree = SOURCE_ROOT; usesTabs = 0; };
		1B5A7AB60A24CC5E00B189EB /* IFF-CDAF.c */ = {isa = PBXFileReference; fileEncoding = 30; lastKnownFileType = sourcecode.c.c; name = "IFF-CDAF.c"; path = "../clients/IFF-CDAF.c"; sourceTree = SOURCE_ROOT; usesTabs = 0; };
		1B5A7AB70A24CC5E00B189EB /* xadIO_Compress.c */ = {isa = PBXFileReference; fileEncoding = 30; lastKnownFileType = sourcecode.c.c; name = xadIO_Compress.c; path = ../clients/xadIO_Compress.c; sourceTree = SOURCE_ROOT; usesTabs = 0; };
		1B5A7AB80A24CC5E00B189EB /* FS_Amiga.c */ = {isa = PBXFileReference; fileEncoding = 30; lastKnownFileType = sourcecode.c.c; name = FS_Amiga.c; path = ../clients/FS_Amiga.c; sourceTree = SOURCE_ROOT; usesTabs = 0; };
		1B5A7AB90A24CC5E00B189EB /* Zip.c */ = {isa = PBXFileReference; fileEncoding = 30; lastKnownFileType = sourcecode.c.c; name = Zip.c; path = ../clients/Zip.c; sourceTree = SOURCE_ROOT; usesTabs = 0; };
		1B5A7ABA0A24CC5E00B189EB /* xDisk.c */ = {isa = PBXFileReference; fileEncoding = 30; lastKnownFileType = sourcecode.c.c; name = xDisk.c; path = ../clients/xDisk.c; sourceTree = SOURCE_ROOT; usesTabs = 0; };
		1B5A7ABB0A24CC5E00B189EB /* Tar.c */ = {isa = PBXFileReference; fileEncoding = 30; lastKnownFileType = sourcecode.c.c; name = Tar.c; path = ../clients/Tar.c; sourceTree = SOURCE_ROOT; usesTabs = 0; };
		1B5A7ABC0A24CC5E00B189EB /* StuffIt.c */ = {isa = PBXFileReference; fileEncoding = 30; lastKnownFileType = sourcecode.c.c; name = StuffIt.c; path = ../clients/StuffIt.c; sourceTree = SOURCE_ROOT; usesTabs = 0; };
		1B5A7ABD0A24CC5E00B189EB /* MXM-SimpleArc.c */ = {isa = PBXFileReference; fileEncoding = 30; lastKnownFileType = sourcecode.c.c; name = "MXM-SimpleArc.c"; path = "../clients/MXM-SimpleArc.c"; sourceTree = SOURCE_ROOT; usesTabs = 0; };
		1B5A7ABE0A24CC5E00B189EB /* FS_FAT.c */ = {isa = PBXFileReference; fileEncoding = 30; lastKnownFileType = sourcecode.c.c; name = FS_FAT.c; path = ../clients/FS_FAT.c; sourceTree = SOURCE_ROOT; usesTabs = 0; };
		1B5A7ABF0A24CC5E00B189EB /* PackDisk.c */ = {isa = PBXFileReference; fileEncoding = 30; lastKnownFileType = sourcecode.c.c; name = PackDisk.c; path = ../clients/PackDisk.c; sourceTree = SOURCE_ROOT; usesTabs = 0; };
		1B5A7AC00A24CC5E00B189EB /* LhF.c */ = {isa = PBXFileReference; fileEncoding = 30; lastKnownFileType = sourcecode.c.c; name = LhF.c; path = ../clients/LhF.c; sourceTree = SOURCE_ROOT; usesTabs = 0; };
		1B5A7AC10A24CC5E00B189EB /* Cpio.c */ = {isa = PBXFileReference; fileEncoding = 30; lastKnownFileType = sourcecode.c.c; name = Cpio.c; path = ../clients/Cpio.c; sourceTree = SOURCE_ROOT; usesTabs = 0; };
		1B5A7AC20A24CC5E00B189EB /* bzip2.c */ = {isa = PBXFileReference; fileEncoding = 30; lastKnownFileType = sourcecode.c.c; name = bzip2.c; path = ../clients/bzip2.c; sourceTree = SOURCE_ROOT; usesTabs = 0; };
		1B5A7AC30A24CC5E00B189EB /* AMPK.c */ = {isa = PBXFileReference; fileEncoding = 30; lastKnownFileType = sourcecode.c.c; name = AMPK.c; path = ../clients/AMPK.c; sourceTree = SOURCE_ROOT; usesTabs = 0; };
		1B5A7AC40A24CC5E00B189EB /* xMash.c */ = {isa = PBXFileReference; fileEncoding = 30; lastKnownFileType = sourcecode.c.c; name = xMash.c; path = ../clients/xMash.c; sourceTree = SOURCE_ROOT; usesTabs = 0; };
		1B5A7AC50A24CC5E00B189EB /* DCS.c */ = {isa = PBXFileReference; fileEncoding = 30; lastKnownFileType = sourcecode.c.c; name = DCS.c; path = ../clients/DCS.c; sourceTree = SOURCE_ROOT; usesTabs = 0; };
		1B5A7AC60A24CC5E00B189EB /* DiskDoubler.c */ = {isa = PBXFileReference; fileEncoding = 30; lastKnownFileType = sourcecode.c.c; name = DiskDoubler.c; path = ../clients/DiskDoubler.c; sourceTree = SOURCE_ROOT; usesTabs = 0; };
		1B5A7AC70A24CC5E00B189EB /* CrunchDisk.c */ = {isa = PBXFileReference; fileEncoding = 30; lastKnownFileType = sourcecode.c.c; name = CrunchDisk.c; path = ../clients/CrunchDisk.c; sourceTree = SOURCE_ROOT; usesTabs = 0; };
		1B5A7AC80A24CC5E00B189EB /* SuperDuper3.c */ = {isa = PBXFileReference; fileEncoding = 30; lastKnownFileType = sourcecode.c.c; name = SuperDuper3.c; path = ../clients/SuperDuper3.c; sourceTree = SOURCE_ROOT; usesTabs = 0; };
		1B5A7ACA0A24CCBB00B189EB /* SDI_ASM_STD_protos.h */ = {isa = PBXFileReference; fileEncoding = 30; lastKnownFileType = sourcecode.c.h; name = SDI_ASM_STD_protos.h; path = ../include/SDI_ASM_STD_protos.h; sourceTree = SOURCE_ROOT; };
		1B5A7ACB0A24CCBB00B189EB /* SDI_system.h */ = {isa = PBXFileReference; fileEncoding = 30; lastKnownFileType = sourcecode.c.h; name = SDI_system.h; path = ../include/SDI_system.h; sourceTree = SOURCE_ROOT; };
		1B5A7ACC0A24CCBB00B189EB /* functions.h */ = {isa = PBXFileReference; fileEncoding = 30; lastKnownFileType = sourcecode.c.h; name = functions.h; path = ../include/functions.h; sourceTree = SOURCE_ROOT; };
		1B5A7ACD0A24CCBB00B189EB /* privdefs.h */ = {isa = PBXFileReference; fileEncoding = 30; lastKnownFileType = sourcecode.c.h; name = privdefs.h; path = ../include/privdefs.h; sourceTree = SOURCE_ROOT; };
		1B5A7ACE0A24CCBB00B189EB /* SDI_compiler.h */ = {isa = PBXFileReference; fileEncoding = 30; lastKnownFileType = sourcecode.c.h; name = SDI_compiler.h; path = ../include/SDI_compiler.h; sourceTree = SOURCE_ROOT; };
		1B5A7ACF0A24CCBB00B189EB /* version.h */ = {isa = PBXFileReference; fileEncoding = 30; lastKnownFileType = sourcecode.c.h; name = version.h; path = ../include/version.h; sourceTree = SOURCE_ROOT; };
		1B5A7AD00A24CCBB00B189EB /* SDI_version.h */ = {isa = PBXFileReference; fileEncoding = 30; lastKnownFileType = sourcecode.c.h; name = SDI_version.h; path = ../include/SDI_version.h; sourceTree = SOURCE_ROOT; };
		1B5A7AD10A24CCBB00B189EB /* xadmaster.h */ = {isa = PBXFileReference; fileEncoding = 30; lastKnownFileType = sourcecode.c.h; name = xadmaster.h; path = ../include/xadmaster.h; sourceTree = SOURCE_ROOT; };
		1B5A7AF50A24CFD200B189EB /* XADArchive.h */ = {isa = PBXFileReference; fileEncoding = 4; lastKnownFileType = sourcecode.c.h; path = XADArchive.h; sourceTree = "<group>"; };
		1B5A7B390A24D3A800B189EB /* xadmaster.doc */ = {isa = PBXFileReference; fileEncoding = 30; lastKnownFileType = text; name = xadmaster.doc; path = ../../amiga/include/Autodocs/xadmaster.doc; sourceTree = SOURCE_ROOT; };
		1B5A7B3A0A24D3B100B189EB /* xadsub.doc */ = {isa = PBXFileReference; fileEncoding = 30; lastKnownFileType = text; name = xadsub.doc; path = ../../amiga/include/Autodocs/xadsub.doc; sourceTree = SOURCE_ROOT; };
		1B5A7BA30A24F9B400B189EB /* XADTest */ = {isa = PBXFileReference; includeInIndex = 0; lastKnownFileType = "compiled.mach-o.executable"; path = XADTest; sourceTree = BUILT_PRODUCTS_DIR; };
		1B5A7BA90A24FA0200B189EB /* XADTest.m */ = {isa = PBXFileReference; fileEncoding = 4; lastKnownFileType = sourcecode.c.objc; path = XADTest.m; sourceTree = "<group>"; };
		1B5A80B50A27AA9900B189EB /* XADArchive.m */ = {isa = PBXFileReference; fileEncoding = 30; lastKnownFileType = sourcecode.c.objc; path = XADArchive.m; sourceTree = "<group>"; };
		32DBCF5E0370ADEE00C91783 /* XADMaster_Prefix.pch */ = {isa = PBXFileReference; fileEncoding = 4; lastKnownFileType = sourcecode.c.h; path = XADMaster_Prefix.pch; sourceTree = "<group>"; };
		56FBC8DC0A57531D00BE98CF /* UniversalDetector.xcodeproj */ = {isa = PBXFileReference; lastKnownFileType = "wrapper.pb-project"; name = UniversalDetector.xcodeproj; path = ../../../UniversalDetector/UniversalDetector.xcodeproj; sourceTree = SOURCE_ROOT; };
		56FBC92B0A57541300BE98CF /* Info.plist */ = {isa = PBXFileReference; fileEncoding = 30; lastKnownFileType = text.xml; path = Info.plist; sourceTree = SOURCE_ROOT; };
		8DC2EF5B0486A6940098B216 /* XADMaster.framework */ = {isa = PBXFileReference; explicitFileType = wrapper.framework; includeInIndex = 0; path = XADMaster.framework; sourceTree = BUILT_PRODUCTS_DIR; };
/* End PBXFileReference section */

/* Begin PBXFrameworksBuildPhase section */
		1B5A7BA10A24F9B400B189EB /* Frameworks */ = {
			isa = PBXFrameworksBuildPhase;
			buildActionMask = 2147483647;
			files = (
				1B5A7BBD0A24FB3800B189EB /* XADMaster.framework in Frameworks */,
				1B5A7E330A25D48000B189EB /* AppKit.framework in Frameworks */,
				1B0DE56E0A38DF260009B697 /* UniversalDetector.framework in Frameworks */,
			);
			runOnlyForDeploymentPostprocessing = 0;
		};
		8DC2EF560486A6940098B216 /* Frameworks */ = {
			isa = PBXFrameworksBuildPhase;
			buildActionMask = 2147483647;
			files = (
				1B5A7E350A25D49400B189EB /* AppKit.framework in Frameworks */,
			);
			runOnlyForDeploymentPostprocessing = 0;
		};
/* End PBXFrameworksBuildPhase section */

/* Begin PBXGroup section */
		034768DFFF38A50411DB9C8B /* Products */ = {
			isa = PBXGroup;
			children = (
				8DC2EF5B0486A6940098B216 /* XADMaster.framework */,
				1B5A7BA30A24F9B400B189EB /* XADTest */,
			);
			name = Products;
			sourceTree = "<group>";
		};
		0867D691FE84028FC02AAC07 /* XADMaster */ = {
			isa = PBXGroup;
			children = (
				56FBC8DC0A57531D00BE98CF /* UniversalDetector.xcodeproj */,
				08FB77AEFE84172EC02AAC07 /* Classes */,
				1B5A7A680A24CA1B00B189EB /* libxad */,
				1B5A7BA50A24F9E300B189EB /* XADTest */,
				32C88DFF0371C24200C91783 /* Other Sources */,
				089C1665FE841158C02AAC07 /* Resources */,
				0867D69AFE84028FC02AAC07 /* External Frameworks and Libraries */,
				034768DFFF38A50411DB9C8B /* Products */,
			);
			name = XADMaster;
			sourceTree = "<group>";
		};
		0867D69AFE84028FC02AAC07 /* External Frameworks and Libraries */ = {
			isa = PBXGroup;
			children = (
				1B0DDEC00A2FB51B0009B697 /* UniversalDetector.framework */,
				0867D6A5FE840307C02AAC07 /* AppKit.framework */,
			);
			name = "External Frameworks and Libraries";
			sourceTree = "<group>";
		};
		089C1665FE841158C02AAC07 /* Resources */ = {
			isa = PBXGroup;
			children = (
				56FBC92B0A57541300BE98CF /* Info.plist */,
				089C1666FE841158C02AAC07 /* InfoPlist.strings */,
			);
			name = Resources;
			sourceTree = "<group>";
		};
		08FB77AEFE84172EC02AAC07 /* Classes */ = {
			isa = PBXGroup;
			children = (
				1B5A7AF50A24CFD200B189EB /* XADArchive.h */,
				1B5A80B50A27AA9900B189EB /* XADArchive.m */,
				1B0DD5960A29091F0009B697 /* XADArchivePipe.h */,
				1B0DD5970A29091F0009B697 /* XADArchivePipe.m */,
				1B2110700A4452C2005ED2AF /* XADRegex.h */,
				1B21106F0A4452C2005ED2AF /* XADRegex.m */,
			);
			name = Classes;
			sourceTree = "<group>";
		};
		1B210DB80A422285005ED2AF /* rar_cpp */ = {
			isa = PBXGroup;
			children = (
				1B2110A40A44A7D7005ED2AF /* array.hpp */,
				1B2110A90A44A7D7005ED2AF /* coder.hpp */,
				1B2110B40A44A7D7005ED2AF /* coder.cpp */,
				1B2110B00A44A7D7005ED2AF /* compress.hpp */,
				1B2110AA0A44A7D7005ED2AF /* getbits.cpp */,
				1B2110AD0A44A7D7005ED2AF /* getbits.hpp */,
				1B2110A60A44A7D7005ED2AF /* model.cpp */,
				1B2110AC0A44A7D7005ED2AF /* model.hpp */,
				1B2110B50A44A7D7005ED2AF /* rar.hpp */,
				1B2110A70A44A7D7005ED2AF /* rardefs.hpp */,
				1B2110B10A44A7D7005ED2AF /* rartypes.hpp */,
				1B2110B20A44A7D7005ED2AF /* rarvm.cpp */,
				1B2110A10A44A7D7005ED2AF /* rarvm.hpp */,
				1B2110A30A44A7D7005ED2AF /* rarvmtbl.cpp */,
				1B2110AB0A44A7D7005ED2AF /* suballoc.cpp */,
				1B2110A20A44A7D7005ED2AF /* suballoc.hpp */,
				1B2110AF0A44A7D7005ED2AF /* unpack.cpp */,
				1B2110B30A44A7D7005ED2AF /* unpack.hpp */,
				1B2110A50A44A7D7005ED2AF /* unpack15.cpp */,
				1B2110A80A44A7D7005ED2AF /* unpack20.cpp */,
				1B2110AE0A44A7D7005ED2AF /* xad.cpp */,
			);
			name = rar_cpp;
			sourceTree = "<group>";
		};
		1B5A7A680A24CA1B00B189EB /* libxad */ = {
			isa = PBXGroup;
			children = (
				1B5A7A690A24CA2700B189EB /* clients */,
				1B5A7A970A24CC0C00B189EB /* unix */,
				1B5A7A6C0A24CA5500B189EB /* include */,
				1B5A7A780A24CBC400B189EB /* all.c */,
				1B5A7A920A24CBEE00B189EB /* clientfunc.c */,
				1B5A7A790A24CBC400B189EB /* clients.c */,
				1B5A7A980A24CC3200B189EB /* config.h */,
				1B5A7A8B0A24CBEE00B189EB /* copymem.c */,
				1B5A7A8A0A24CBEE00B189EB /* crc.c */,
				1B5A7A7C0A24CBEE00B189EB /* cs_atarist_to_unicode.c */,
				1B5A7A8F0A24CBEE00B189EB /* cs_c64_to_unicode.c */,
				1B5A7A930A24CBEE00B189EB /* cs_ibmcp437_to_unicode.c */,
				1B5A7A890A24CBEE00B189EB /* cs_macroman_to_unicode.c */,
				1B5A7A880A24CBEE00B189EB /* cs_unicode_to_iso8859-1.c */,
				1B5A7A8E0A24CBEE00B189EB /* cs_windowscp1252_to_unicod.c */,
				1B5A7A8D0A24CBEE00B189EB /* dates.c */,
				1B5A7A8C0A24CBEE00B189EB /* debug.c */,
				1B5A7A870A24CBEE00B189EB /* diskfile.c */,
				1B5A7A860A24CBEE00B189EB /* diskunarc.c */,
				1B5A7A850A24CBEE00B189EB /* error.c */,
				1B5A7A830A24CBEE00B189EB /* fileunarc.c */,
				1B5A7A840A24CBEE00B189EB /* filename.c */,
				1B5A7A820A24CBEE00B189EB /* hook.c */,
				1B5A7A800A24CBEE00B189EB /* hook_mem.c */,
				1B5A7A810A24CBEE00B189EB /* hook_diskarc.c */,
				1B5A7A7F0A24CBEE00B189EB /* hook_splitted.c */,
				1B5A7A7E0A24CBEE00B189EB /* hook_stream.c */,
				1B5A7A7D0A24CBEE00B189EB /* info.c */,
				1B5A7A910A24CBEE00B189EB /* objects.c */,
				1B5A7A900A24CBEE00B189EB /* protection.c */,
			);
			name = libxad;
			sourceTree = "<group>";
		};
		1B5A7A690A24CA2700B189EB /* clients */ = {
			isa = PBXGroup;
			children = (
				1B2115C80A4B173D005ED2AF /* 7-Zip.c */,
				1B5A7AB50A24CC5E00B189EB /* Ace.c */,
				1B5A7AC30A24CC5E00B189EB /* AMPK.c */,
				1B2112540A473184005ED2AF /* BinHex.c */,
				1B5A7AC20A24CC5E00B189EB /* bzip2.c */,
				1B5A7AA60A24CC5E00B189EB /* CAB.c */,
				1B5A7AC10A24CC5E00B189EB /* Cpio.c */,
				1B5A7AC70A24CC5E00B189EB /* CrunchDisk.c */,
				1B5A7AC50A24CC5E00B189EB /* DCS.c */,
				1B5A7AC60A24CC5E00B189EB /* DiskDoubler.c */,
				1B5A7AA80A24CC5E00B189EB /* DMS.c */,
				1B5A7AB80A24CC5E00B189EB /* FS_Amiga.c */,
				1B5A7ABE0A24CC5E00B189EB /* FS_FAT.c */,
				1B5A7AA90A24CC5E00B189EB /* FS_SOS.c */,
				1B5A7AB20A24CC5E00B189EB /* HA.c */,
				1B5A7AB60A24CC5E00B189EB /* IFF-CDAF.c */,
				1B5A7AA70A24CC5E00B189EB /* LhA.c */,
				1B5A7AC00A24CC5E00B189EB /* LhF.c */,
				1B5A7AAA0A24CC5E00B189EB /* LZX.c */,
				1B5A7AB10A24CC5E00B189EB /* MDC.c */,
				1B5A7ABD0A24CC5E00B189EB /* MXM-SimpleArc.c */,
				1B5A7AAC0A24CC5E00B189EB /* PackDev.c */,
				1B5A7ABF0A24CC5E00B189EB /* PackDisk.c */,
				1B210C0A0A3E12F0005ED2AF /* Rar.c */,
				1B210DB80A422285005ED2AF /* rar_cpp */,
				1B5A7AAE0A24CC5E00B189EB /* RPM.c */,
				1B5A7AC80A24CC5E00B189EB /* SuperDuper3.c */,
				1B5A7ABC0A24CC5E00B189EB /* StuffIt.c */,
				1B5A7ABB0A24CC5E00B189EB /* Tar.c */,
				1B5A7AB00A24CC5E00B189EB /* TR-DOS.c */,
				1B5A7AAB0A24CC5E00B189EB /* xadCRC_1021.c */,
				1B5A7AAF0A24CC5E00B189EB /* xadIO.c */,
				1B5A7AB40A24CC5E00B189EB /* xadIO.h */,
				1B5A7AB70A24CC5E00B189EB /* xadIO_Compress.c */,
				1B5A7AAD0A24CC5E00B189EB /* xadIO_XPK.c */,
				1B5A7ABA0A24CC5E00B189EB /* xDisk.c */,
				1B5A7AC40A24CC5E00B189EB /* xMash.c */,
				1B5A7AB90A24CC5E00B189EB /* Zip.c */,
				1B5A7AB30A24CC5E00B189EB /* Zoom.c */,
			);
			name = clients;
			sourceTree = "<group>";
		};
		1B5A7A6C0A24CA5500B189EB /* include */ = {
			isa = PBXGroup;
			children = (
				1B0DE3280A34AE4F0009B697 /* ConvertE.c */,
				1B5A7ACC0A24CCBB00B189EB /* functions.h */,
				1B5A7ACD0A24CCBB00B189EB /* privdefs.h */,
				1B5A7ACA0A24CCBB00B189EB /* SDI_ASM_STD_protos.h */,
				1B5A7ACE0A24CCBB00B189EB /* SDI_compiler.h */,
				1B5A7ACB0A24CCBB00B189EB /* SDI_system.h */,
				1B5A7AD00A24CCBB00B189EB /* SDI_version.h */,
				1B5A7ACF0A24CCBB00B189EB /* version.h */,
				1B5A7AD10A24CCBB00B189EB /* xadmaster.h */,
			);
			name = include;
			sourceTree = "<group>";
		};
		1B5A7A970A24CC0C00B189EB /* unix */ = {
			isa = PBXGroup;
			children = (
				1B5A7A750A24CBB800B189EB /* emulation.c */,
				1B5A7AA30A24CC4200B189EB /* emulation.h */,
				1B5A7AA20A24CC4200B189EB /* hook_fh.c */,
				1B5A7A740A24CBB800B189EB /* init.c */,
				1B5A7AA50A24CC4200B189EB /* xadClient.h */,
				1B5A7AA40A24CC4200B189EB /* xadXPK.c */,
			);
			name = unix;
			sourceTree = "<group>";
		};
		1B5A7BA50A24F9E300B189EB /* XADTest */ = {
			isa = PBXGroup;
			children = (
				1B5A7BA90A24FA0200B189EB /* XADTest.m */,
			);
			name = XADTest;
			sourceTree = "<group>";
		};
		32C88DFF0371C24200C91783 /* Other Sources */ = {
			isa = PBXGroup;
			children = (
				32DBCF5E0370ADEE00C91783 /* XADMaster_Prefix.pch */,
				1B5A7B390A24D3A800B189EB /* xadmaster.doc */,
				1B5A7B3A0A24D3B100B189EB /* xadsub.doc */,
				1B210D4D0A40E457005ED2AF /* xadIO.doc */,
			);
			name = "Other Sources";
			sourceTree = "<group>";
		};
		56FBC8DD0A57531D00BE98CF /* Products */ = {
			isa = PBXGroup;
			children = (
				56FBC8E40A57531D00BE98CF /* UniversalDetector.framework */,
				56FBC8E60A57531D00BE98CF /* DetectorTest */,
			);
			name = Products;
			sourceTree = "<group>";
		};
/* End PBXGroup section */

/* Begin PBXHeadersBuildPhase section */
		8DC2EF500486A6940098B216 /* Headers */ = {
			isa = PBXHeadersBuildPhase;
			buildActionMask = 2147483647;
			files = (
				1B5A7BB80A24FA4500B189EB /* xadmaster.h in Headers */,
				1B5A7D790A25D22000B189EB /* XADArchive.h in Headers */,
				1B0DD5980A29091F0009B697 /* XADArchivePipe.h in Headers */,
				1B2110720A4452C2005ED2AF /* XADRegex.h in Headers */,
			);
			runOnlyForDeploymentPostprocessing = 0;
		};
/* End PBXHeadersBuildPhase section */

/* Begin PBXNativeTarget section */
		1B5A7BA20A24F9B400B189EB /* XADTest */ = {
			isa = PBXNativeTarget;
			buildConfigurationList = 1B5A7BA60A24F9E300B189EB /* Build configuration list for PBXNativeTarget "XADTest" */;
			buildPhases = (
				1B5A7BA00A24F9B400B189EB /* Sources */,
				1B5A7BA10A24F9B400B189EB /* Frameworks */,
			);
			buildRules = (
			);
			dependencies = (
				1B5A7BBC0A24FB2400B189EB /* PBXTargetDependency */,
			);
			name = XADTest;
			productName = XADTest;
			productReference = 1B5A7BA30A24F9B400B189EB /* XADTest */;
			productType = "com.apple.product-type.tool";
		};
		8DC2EF4F0486A6940098B216 /* XADMaster */ = {
			isa = PBXNativeTarget;
			buildConfigurationList = 1DEB91AD08733DA50010E9CD /* Build configuration list for PBXNativeTarget "XADMaster" */;
			buildPhases = (
				8DC2EF500486A6940098B216 /* Headers */,
				8DC2EF520486A6940098B216 /* Resources */,
				8DC2EF540486A6940098B216 /* Sources */,
				8DC2EF560486A6940098B216 /* Frameworks */,
			);
			buildRules = (
			);
			dependencies = (
				56FBC91E0A5753DB00BE98CF /* PBXTargetDependency */,
			);
			name = XADMaster;
			productInstallPath = "$(HOME)/Library/Frameworks";
			productName = XADMaster;
			productReference = 8DC2EF5B0486A6940098B216 /* XADMaster.framework */;
			productType = "com.apple.product-type.framework";
		};
/* End PBXNativeTarget section */

/* Begin PBXProject section */
		0867D690FE84028FC02AAC07 /* Project object */ = {
			isa = PBXProject;
			buildConfigurationList = 1DEB91B108733DA50010E9CD /* Build configuration list for PBXProject "XADMaster" */;
			hasScannedForEncodings = 1;
			mainGroup = 0867D691FE84028FC02AAC07 /* XADMaster */;
			productRefGroup = 034768DFFF38A50411DB9C8B /* Products */;
			projectDirPath = "";
			projectReferences = (
				{
					ProductGroup = 56FBC8DD0A57531D00BE98CF /* Products */;
					ProjectRef = 56FBC8DC0A57531D00BE98CF /* UniversalDetector.xcodeproj */;
				},
			);
			targets = (
				8DC2EF4F0486A6940098B216 /* XADMaster */,
				1B5A7BA20A24F9B400B189EB /* XADTest */,
			);
		};
/* End PBXProject section */

/* Begin PBXReferenceProxy section */
		56FBC8E40A57531D00BE98CF /* UniversalDetector.framework */ = {
			isa = PBXReferenceProxy;
			fileType = wrapper.framework;
			path = UniversalDetector.framework;
			remoteRef = 56FBC8E30A57531D00BE98CF /* PBXContainerItemProxy */;
			sourceTree = BUILT_PRODUCTS_DIR;
		};
		56FBC8E60A57531D00BE98CF /* DetectorTest */ = {
			isa = PBXReferenceProxy;
			fileType = "compiled.mach-o.executable";
			path = DetectorTest;
			remoteRef = 56FBC8E50A57531D00BE98CF /* PBXContainerItemProxy */;
			sourceTree = BUILT_PRODUCTS_DIR;
		};
/* End PBXReferenceProxy section */

/* Begin PBXResourcesBuildPhase section */
		8DC2EF520486A6940098B216 /* Resources */ = {
			isa = PBXResourcesBuildPhase;
			buildActionMask = 2147483647;
			files = (
				8DC2EF530486A6940098B216 /* InfoPlist.strings in Resources */,
				56FBC92C0A57541300BE98CF /* Info.plist in Resources */,
			);
			runOnlyForDeploymentPostprocessing = 0;
		};
/* End PBXResourcesBuildPhase section */

/* Begin PBXSourcesBuildPhase section */
		1B5A7BA00A24F9B400B189EB /* Sources */ = {
			isa = PBXSourcesBuildPhase;
			buildActionMask = 2147483647;
			files = (
				1B5A7BAA0A24FA0200B189EB /* XADTest.m in Sources */,
			);
			runOnlyForDeploymentPostprocessing = 0;
		};
		8DC2EF540486A6940098B216 /* Sources */ = {
			isa = PBXSourcesBuildPhase;
			buildActionMask = 2147483647;
			files = (
				1B5A7BAB0A24FA1200B189EB /* all.c in Sources */,
				1B5A7BAC0A24FA1500B189EB /* clients.c in Sources */,
				1B5A7BAD0A24FA1C00B189EB /* emulation.c in Sources */,
				1B5A80B60A27AA9900B189EB /* XADArchive.m in Sources */,
				1B0DD5990A29091F0009B697 /* XADArchivePipe.m in Sources */,
				1B2110710A4452C2005ED2AF /* XADRegex.m in Sources */,
				1B2110B60A44A824005ED2AF /* xad.cpp in Sources */,
				1BFF75DC0B6D104A00E0900B /* init.c in Sources */,
			);
			runOnlyForDeploymentPostprocessing = 0;
		};
/* End PBXSourcesBuildPhase section */

/* Begin PBXTargetDependency section */
		1B5A7BBC0A24FB2400B189EB /* PBXTargetDependency */ = {
			isa = PBXTargetDependency;
			target = 8DC2EF4F0486A6940098B216 /* XADMaster */;
			targetProxy = 1B5A7BBB0A24FB2400B189EB /* PBXContainerItemProxy */;
		};
		56FBC91E0A5753DB00BE98CF /* PBXTargetDependency */ = {
			isa = PBXTargetDependency;
			name = UniversalDetector;
			targetProxy = 56FBC91D0A5753DB00BE98CF /* PBXContainerItemProxy */;
		};
/* End PBXTargetDependency section */

/* Begin PBXVariantGroup section */
		089C1666FE841158C02AAC07 /* InfoPlist.strings */ = {
			isa = PBXVariantGroup;
			children = (
				089C1667FE841158C02AAC07 /* English */,
			);
			name = InfoPlist.strings;
			sourceTree = "<group>";
		};
/* End PBXVariantGroup section */

/* Begin XCBuildConfiguration section */
		1B5A7BA70A24F9E300B189EB /* Debug */ = {
			isa = XCBuildConfiguration;
			buildSettings = {
				COPY_PHASE_STRIP = NO;
				FRAMEWORK_SEARCH_PATHS = /Library/Frameworks;
				GCC_CHAR_IS_UNSIGNED_CHAR = YES;
				GCC_C_LANGUAGE_STANDARD = gnu99;
				GCC_DYNAMIC_NO_PIC = NO;
				GCC_ENABLE_FIX_AND_CONTINUE = YES;
				GCC_GENERATE_DEBUGGING_SYMBOLS = YES;
				GCC_MODEL_TUNING = G5;
				GCC_OPTIMIZATION_LEVEL = 0;
				GCC_PRECOMPILE_PREFIX_HEADER = YES;
				GCC_PREFIX_HEADER = "$(SYSTEM_LIBRARY_DIR)/Frameworks/AppKit.framework/Headers/AppKit.h";
				INSTALL_PATH = "$(HOME)/bin";
				MACOSX_DEPLOYMENT_TARGET = 10.2;
				OTHER_LDFLAGS = "";
				PREBINDING = NO;
				PRODUCT_NAME = XADTest;
				ZERO_LINK = NO;
			};
			name = Debug;
		};
		1B5A7BA80A24F9E300B189EB /* Release */ = {
			isa = XCBuildConfiguration;
			buildSettings = {
				COPY_PHASE_STRIP = YES;
				FRAMEWORK_SEARCH_PATHS = /Library/Frameworks;
				GCC_CHAR_IS_UNSIGNED_CHAR = YES;
				GCC_C_LANGUAGE_STANDARD = gnu99;
				GCC_ENABLE_FIX_AND_CONTINUE = NO;
				GCC_GENERATE_DEBUGGING_SYMBOLS = NO;
				GCC_MODEL_TUNING = G5;
				GCC_PRECOMPILE_PREFIX_HEADER = YES;
				GCC_PREFIX_HEADER = "$(SYSTEM_LIBRARY_DIR)/Frameworks/AppKit.framework/Headers/AppKit.h";
				INSTALL_PATH = "$(HOME)/bin";
				MACOSX_DEPLOYMENT_TARGET = 10.2;
				OTHER_LDFLAGS = "";
				PREBINDING = NO;
				PRODUCT_NAME = XADTest;
				SDKROOT = /Developer/SDKs/MacOSX10.4u.sdk;
				ZERO_LINK = NO;
			};
			name = Release;
		};
		1DEB91AE08733DA50010E9CD /* Debug */ = {
			isa = XCBuildConfiguration;
			buildSettings = {
				COPY_PHASE_STRIP = NO;
				DYLIB_COMPATIBILITY_VERSION = 1;
				DYLIB_CURRENT_VERSION = 1;
				FRAMEWORK_SEARCH_PATHS = /Library/Frameworks;
				FRAMEWORK_VERSION = A;
				GCC_CHAR_IS_UNSIGNED_CHAR = YES;
				GCC_C_LANGUAGE_STANDARD = c99;
				GCC_DYNAMIC_NO_PIC = NO;
				GCC_ENABLE_FIX_AND_CONTINUE = YES;
				GCC_MODEL_TUNING = G5;
				GCC_OPTIMIZATION_LEVEL = 0;
				GCC_PRECOMPILE_PREFIX_HEADER = YES;
				GCC_PREFIX_HEADER = XADMaster_Prefix.pch;
				INFOPLIST_FILE = Info.plist;
				INSTALL_PATH = "@executable_path/../Frameworks";
				MACOSX_DEPLOYMENT_TARGET = 10.2;
				OTHER_CFLAGS = (
					"-DHAVE_CONFIG_H",
					"-DUNIX",
					"-DNO_FILENAME_MANGLING",
					"$(OTHER_CFLAGS_QUOTED_1)",
					"$(OTHER_CFLAGS_QUOTED_2)",
				);
				OTHER_CFLAGS_QUOTED_1 = "\"-I$(SRCROOT)/../include\"";
				OTHER_CFLAGS_QUOTED_2 = "\"-I$(SRCROOT)/../unix\"";
				OTHER_LDFLAGS = (
					"-weak_framework",
					UniversalDetector,
				);
				PRODUCT_NAME = XADMaster;
				WRAPPER_EXTENSION = framework;
				ZERO_LINK = NO;
			};
			name = Debug;
		};
		1DEB91AF08733DA50010E9CD /* Release */ = {
			isa = XCBuildConfiguration;
			buildSettings = {
				ARCHS = (
					ppc,
					i386,
				);
				DEAD_CODE_STRIPPING = YES;
				DEPLOYMENT_LOCATION = NO;
				DYLIB_COMPATIBILITY_VERSION = 1;
				DYLIB_CURRENT_VERSION = 1;
				FRAMEWORK_SEARCH_PATHS = /Library/Frameworks;
				FRAMEWORK_VERSION = A;
				GCC_CHAR_IS_UNSIGNED_CHAR = YES;
				GCC_C_LANGUAGE_STANDARD = c99;
				GCC_GENERATE_DEBUGGING_SYMBOLS = NO;
				GCC_MODEL_TUNING = G5;
				GCC_OPTIMIZATION_LEVEL = s;
				GCC_PRECOMPILE_PREFIX_HEADER = YES;
				GCC_PREFIX_HEADER = XADMaster_Prefix.pch;
				INFOPLIST_FILE = Info.plist;
				INSTALL_PATH = "@executable_path/../Frameworks";
				MACOSX_DEPLOYMENT_TARGET = 10.2;
				OTHER_CFLAGS = (
					"-DHAVE_CONFIG_H",
					"-DUNIX",
					"-DNO_FILENAME_MANGLING",
					"$(OTHER_CFLAGS_QUOTED_1)",
					"$(OTHER_CFLAGS_QUOTED_2)",
				);
				OTHER_CFLAGS_QUOTED_1 = "\"-I$(SRCROOT)/../include\"";
				OTHER_CFLAGS_QUOTED_2 = "\"-I$(SRCROOT)/../unix\"";
				OTHER_LDFLAGS = (
					"-weak_framework",
					UniversalDetector,
				);
				PRODUCT_NAME = XADMaster;
				WRAPPER_EXTENSION = framework;
				ZERO_LINK = NO;
			};
			name = Release;
		};
		1DEB91B208733DA50010E9CD /* Debug */ = {
			isa = XCBuildConfiguration;
			buildSettings = {
				GCC_WARN_ABOUT_RETURN_TYPE = YES;
				GCC_WARN_UNUSED_VARIABLE = YES;
				MACOSX_DEPLOYMENT_TARGET_i386 = 10.4;
				MACOSX_DEPLOYMENT_TARGET_ppc = 10.3;
				PREBINDING = NO;
				SDKROOT = /Developer/SDKs/MacOSX10.4u.sdk;
				SDKROOT_i386 = /Developer/SDKs/MacOSX10.4u.sdk;
				SDKROOT_ppc = /Developer/SDKs/MacOSX10.3.9.sdk;
			};
			name = Debug;
		};
		1DEB91B308733DA50010E9CD /* Release */ = {
			isa = XCBuildConfiguration;
			buildSettings = {
				ARCHS = (
					ppc,
					i386,
				);
				GCC_WARN_ABOUT_RETURN_TYPE = YES;
				GCC_WARN_UNUSED_VARIABLE = YES;
				MACOSX_DEPLOYMENT_TARGET_i386 = 10.4;
				MACOSX_DEPLOYMENT_TARGET_ppc = 10.3;
				PREBINDING = NO;
				SDKROOT = /Developer/SDKs/MacOSX10.4u.sdk;
				SDKROOT_i386 = /Developer/SDKs/MacOSX10.4u.sdk;
				SDKROOT_ppc = /Developer/SDKs/MacOSX10.3.9.sdk;
			};
			name = Release;
		};
/* End XCBuildConfiguration section */

/* Begin XCConfigurationList section */
		1B5A7BA60A24F9E300B189EB /* Build configuration list for PBXNativeTarget "XADTest" */ = {
			isa = XCConfigurationList;
			buildConfigurations = (
				1B5A7BA70A24F9E300B189EB /* Debug */,
				1B5A7BA80A24F9E300B189EB /* Release */,
			);
			defaultConfigurationIsVisible = 0;
			defaultConfigurationName = Release;
		};
		1DEB91AD08733DA50010E9CD /* Build configuration list for PBXNativeTarget "XADMaster" */ = {
			isa = XCConfigurationList;
			buildConfigurations = (
				1DEB91AE08733DA50010E9CD /* Debug */,
				1DEB91AF08733DA50010E9CD /* Release */,
			);
			defaultConfigurationIsVisible = 0;
			defaultConfigurationName = Release;
		};
		1DEB91B108733DA50010E9CD /* Build configuration list for PBXProject "XADMaster" */ = {
			isa = XCConfigurationList;
			buildConfigurations = (
				1DEB91B208733DA50010E9CD /* Debug */,
				1DEB91B308733DA50010E9CD /* Release */,
			);
			defaultConfigurationIsVisible = 0;
			defaultConfigurationName = Release;
		};
/* End XCConfigurationList section */
	};
	rootObject = 0867D690FE84028FC02AAC07 /* Project object */;
}
